// !$*UTF8*$!
{
	archiveVersion = 1;
	classes = {
	};
	objectVersion = 45;
	objects = {

/* Begin PBXBuildFile section */
		1D3623260D0F684500981E51 /* GraphicsAppDelegate.m in Sources */ = {isa = PBXBuildFile; fileRef = 1D3623250D0F684500981E51 /* GraphicsAppDelegate.m */; };
		1D60589B0D05DD56006BFB54 /* main.m in Sources */ = {isa = PBXBuildFile; fileRef = 29B97316FDCFA39411CA2CEA /* main.m */; };
		1D60589F0D05DD5A006BFB54 /* Foundation.framework in Frameworks */ = {isa = PBXBuildFile; fileRef = 1D30AB110D05D00D00671497 /* Foundation.framework */; };
		1DF5F4E00D08C38300B7A737 /* UIKit.framework in Frameworks */ = {isa = PBXBuildFile; fileRef = 1DF5F4DF0D08C38300B7A737 /* UIKit.framework */; };
		2514C27210084DB100A42282 /* ES1Renderer.m in Sources */ = {isa = PBXBuildFile; fileRef = 2514C26E10084DB100A42282 /* ES1Renderer.m */; };
		2514C27B10084DCA00A42282 /* Shader.fsh in Resources */ = {isa = PBXBuildFile; fileRef = 2514C27910084DCA00A42282 /* Shader.fsh */; };
		2514C27C10084DCA00A42282 /* Shader.vsh in Resources */ = {isa = PBXBuildFile; fileRef = 2514C27A10084DCA00A42282 /* Shader.vsh */; };
		28AD733F0D9D9553002E5188 /* MainWindow.xib in Resources */ = {isa = PBXBuildFile; fileRef = 28AD733E0D9D9553002E5188 /* MainWindow.xib */; };
		28FD14FE0DC6FC130079059D /* EAGLView.m in Sources */ = {isa = PBXBuildFile; fileRef = 28FD14FD0DC6FC130079059D /* EAGLView.m */; };
		28FD15000DC6FC520079059D /* OpenGLES.framework in Frameworks */ = {isa = PBXBuildFile; fileRef = 28FD14FF0DC6FC520079059D /* OpenGLES.framework */; };
		28FD15080DC6FC5B0079059D /* QuartzCore.framework in Frameworks */ = {isa = PBXBuildFile; fileRef = 28FD15070DC6FC5B0079059D /* QuartzCore.framework */; };
		6A60514C108E5BBC00389313 /* Block.m in Sources */ = {isa = PBXBuildFile; fileRef = 6A605141108E5BBC00389313 /* Block.m */; };
		6A60514D108E5BBC00389313 /* Board.m in Sources */ = {isa = PBXBuildFile; fileRef = 6A605143108E5BBC00389313 /* Board.m */; };
		6A60514E108E5BBC00389313 /* Cube.m in Sources */ = {isa = PBXBuildFile; fileRef = 6A605145108E5BBC00389313 /* Cube.m */; };
		6A60514F108E5BBC00389313 /* GameModel.1 in Resources */ = {isa = PBXBuildFile; fileRef = 6A605146108E5BBC00389313 /* GameModel.1 */; };
		6A6051A2108E5E3A00389313 /* Texture2D.m in Sources */ = {isa = PBXBuildFile; fileRef = 6A6051A1108E5E3A00389313 /* Texture2D.m */; };
		6A6051A6108E5F4600389313 /* CoreGraphics.framework in Frameworks */ = {isa = PBXBuildFile; fileRef = 6A6051A5108E5F4600389313 /* CoreGraphics.framework */; };
		6A772B4C10A0E5840053427B /* GameController.m in Sources */ = {isa = PBXBuildFile; fileRef = 6A772B4B10A0E5840053427B /* GameController.m */; };
		6A8119351112290500F87CDF /* SpriteSheet.m in Sources */ = {isa = PBXBuildFile; fileRef = 6A8119341112290500F87CDF /* SpriteSheet.m */; };
		6A81198811123C0200F87CDF /* spritesheet16.gif in Resources */ = {isa = PBXBuildFile; fileRef = 6A81198711123C0200F87CDF /* spritesheet16.gif */; };
		6AB205FE1090E6C300F5C1F7 /* pink.jpg in Resources */ = {isa = PBXBuildFile; fileRef = 6AB205FD1090E6C300F5C1F7 /* pink.jpg */; };
		6AB206251090EFB400F5C1F7 /* grey.jpg in Resources */ = {isa = PBXBuildFile; fileRef = 6AB206241090EFB400F5C1F7 /* grey.jpg */; };
		6AC18A64110F890D00A58D1F /* Image.m in Sources */ = {isa = PBXBuildFile; fileRef = 6AC18A63110F890D00A58D1F /* Image.m */; };
/* End PBXBuildFile section */

/* Begin PBXContainerItemProxy section */
		6A605156108E5BBC00389313 /* PBXContainerItemProxy */ = {
			isa = PBXContainerItemProxy;
			containerPortal = 6A605148108E5BBC00389313 /* GameModel.xcodeproj */;
			proxyType = 2;
			remoteGlobalIDString = 8DD76FA10486AA7600D96B5E;
			remoteInfo = GameModel;
		};
/* End PBXContainerItemProxy section */

/* Begin PBXFileReference section */
		1D30AB110D05D00D00671497 /* Foundation.framework */ = {isa = PBXFileReference; lastKnownFileType = wrapper.framework; name = Foundation.framework; path = System/Library/Frameworks/Foundation.framework; sourceTree = SDKROOT; };
		1D3623240D0F684500981E51 /* GraphicsAppDelegate.h */ = {isa = PBXFileReference; fileEncoding = 4; lastKnownFileType = sourcecode.c.h; path = GraphicsAppDelegate.h; sourceTree = "<group>"; };
		1D3623250D0F684500981E51 /* GraphicsAppDelegate.m */ = {isa = PBXFileReference; fileEncoding = 4; lastKnownFileType = sourcecode.c.objc; path = GraphicsAppDelegate.m; sourceTree = "<group>"; };
		1D6058910D05DD3D006BFB54 /* Graphics.app */ = {isa = PBXFileReference; explicitFileType = wrapper.application; includeInIndex = 0; path = Graphics.app; sourceTree = BUILT_PRODUCTS_DIR; };
		1DF5F4DF0D08C38300B7A737 /* UIKit.framework */ = {isa = PBXFileReference; lastKnownFileType = wrapper.framework; name = UIKit.framework; path = System/Library/Frameworks/UIKit.framework; sourceTree = SDKROOT; };
		2514C26D10084DB100A42282 /* ES1Renderer.h */ = {isa = PBXFileReference; fileEncoding = 4; lastKnownFileType = sourcecode.c.h; path = ES1Renderer.h; sourceTree = "<group>"; };
		2514C26E10084DB100A42282 /* ES1Renderer.m */ = {isa = PBXFileReference; fileEncoding = 4; lastKnownFileType = sourcecode.c.objc; path = ES1Renderer.m; sourceTree = "<group>"; };
		2514C27110084DB100A42282 /* ESRenderer.h */ = {isa = PBXFileReference; fileEncoding = 4; lastKnownFileType = sourcecode.c.h; path = ESRenderer.h; sourceTree = "<group>"; };
		2514C27910084DCA00A42282 /* Shader.fsh */ = {isa = PBXFileReference; fileEncoding = 4; lastKnownFileType = text; name = Shader.fsh; path = Shaders/Shader.fsh; sourceTree = "<group>"; };
		2514C27A10084DCA00A42282 /* Shader.vsh */ = {isa = PBXFileReference; fileEncoding = 4; lastKnownFileType = text; name = Shader.vsh; path = Shaders/Shader.vsh; sourceTree = "<group>"; };
		28AD733E0D9D9553002E5188 /* MainWindow.xib */ = {isa = PBXFileReference; lastKnownFileType = file.xib; path = MainWindow.xib; sourceTree = "<group>"; };
		28FD14FC0DC6FC130079059D /* EAGLView.h */ = {isa = PBXFileReference; fileEncoding = 4; lastKnownFileType = sourcecode.c.h; path = EAGLView.h; sourceTree = "<group>"; };
		28FD14FD0DC6FC130079059D /* EAGLView.m */ = {isa = PBXFileReference; fileEncoding = 4; lastKnownFileType = sourcecode.c.objc; path = EAGLView.m; sourceTree = "<group>"; };
		28FD14FF0DC6FC520079059D /* OpenGLES.framework */ = {isa = PBXFileReference; lastKnownFileType = wrapper.framework; name = OpenGLES.framework; path = System/Library/Frameworks/OpenGLES.framework; sourceTree = SDKROOT; };
		28FD15070DC6FC5B0079059D /* QuartzCore.framework */ = {isa = PBXFileReference; lastKnownFileType = wrapper.framework; name = QuartzCore.framework; path = System/Library/Frameworks/QuartzCore.framework; sourceTree = SDKROOT; };
		29B97316FDCFA39411CA2CEA /* main.m */ = {isa = PBXFileReference; fileEncoding = 4; lastKnownFileType = sourcecode.c.objc; path = main.m; sourceTree = "<group>"; };
		32CA4F630368D1EE00C91783 /* Graphics_Prefix.pch */ = {isa = PBXFileReference; fileEncoding = 4; lastKnownFileType = sourcecode.c.h; path = Graphics_Prefix.pch; sourceTree = "<group>"; };
		6A605140108E5BBC00389313 /* Block.h */ = {isa = PBXFileReference; fileEncoding = 4; lastKnownFileType = sourcecode.c.h; path = Block.h; sourceTree = "<group>"; };
		6A605141108E5BBC00389313 /* Block.m */ = {isa = PBXFileReference; fileEncoding = 4; lastKnownFileType = sourcecode.c.objc; path = Block.m; sourceTree = "<group>"; };
		6A605142108E5BBC00389313 /* Board.h */ = {isa = PBXFileReference; fileEncoding = 4; lastKnownFileType = sourcecode.c.h; path = Board.h; sourceTree = "<group>"; };
		6A605143108E5BBC00389313 /* Board.m */ = {isa = PBXFileReference; fileEncoding = 4; lastKnownFileType = sourcecode.c.objc; path = Board.m; sourceTree = "<group>"; };
		6A605144108E5BBC00389313 /* Cube.h */ = {isa = PBXFileReference; fileEncoding = 4; lastKnownFileType = sourcecode.c.h; path = Cube.h; sourceTree = "<group>"; };
		6A605145108E5BBC00389313 /* Cube.m */ = {isa = PBXFileReference; fileEncoding = 4; lastKnownFileType = sourcecode.c.objc; path = Cube.m; sourceTree = "<group>"; };
		6A605146108E5BBC00389313 /* GameModel.1 */ = {isa = PBXFileReference; fileEncoding = 4; lastKnownFileType = text.man; path = GameModel.1; sourceTree = "<group>"; };
		6A605147108E5BBC00389313 /* GameModel.m */ = {isa = PBXFileReference; fileEncoding = 4; lastKnownFileType = sourcecode.c.objc; path = GameModel.m; sourceTree = "<group>"; };
		6A605148108E5BBC00389313 /* GameModel.xcodeproj */ = {isa = PBXFileReference; lastKnownFileType = "wrapper.pb-project"; path = GameModel.xcodeproj; sourceTree = "<group>"; };
		6A60514B108E5BBC00389313 /* GameModel_Prefix.pch */ = {isa = PBXFileReference; fileEncoding = 4; lastKnownFileType = sourcecode.c.h; path = GameModel_Prefix.pch; sourceTree = "<group>"; };
		6A6051A0108E5E3A00389313 /* Texture2D.h */ = {isa = PBXFileReference; fileEncoding = 4; lastKnownFileType = sourcecode.c.h; path = Texture2D.h; sourceTree = "<group>"; };
		6A6051A1108E5E3A00389313 /* Texture2D.m */ = {isa = PBXFileReference; fileEncoding = 4; lastKnownFileType = sourcecode.c.objc; path = Texture2D.m; sourceTree = "<group>"; };
		6A6051A5108E5F4600389313 /* CoreGraphics.framework */ = {isa = PBXFileReference; lastKnownFileType = wrapper.framework; name = CoreGraphics.framework; path = System/Library/Frameworks/CoreGraphics.framework; sourceTree = SDKROOT; };
		6A772B4A10A0E5840053427B /* GameController.h */ = {isa = PBXFileReference; fileEncoding = 4; lastKnownFileType = sourcecode.c.h; path = GameController.h; sourceTree = "<group>"; };
		6A772B4B10A0E5840053427B /* GameController.m */ = {isa = PBXFileReference; fileEncoding = 4; lastKnownFileType = sourcecode.c.objc; path = GameController.m; sourceTree = "<group>"; };
		6A8119331112290500F87CDF /* SpriteSheet.h */ = {isa = PBXFileReference; fileEncoding = 4; lastKnownFileType = sourcecode.c.h; path = SpriteSheet.h; sourceTree = "<group>"; };
		6A8119341112290500F87CDF /* SpriteSheet.m */ = {isa = PBXFileReference; fileEncoding = 4; lastKnownFileType = sourcecode.c.objc; path = SpriteSheet.m; sourceTree = "<group>"; };
		6A81198711123C0200F87CDF /* spritesheet16.gif */ = {isa = PBXFileReference; lastKnownFileType = image.gif; path = spritesheet16.gif; sourceTree = "<group>"; };
		6AB205FD1090E6C300F5C1F7 /* pink.jpg */ = {isa = PBXFileReference; lastKnownFileType = image.jpeg; name = pink.jpg; path = Images/pink.jpg; sourceTree = "<group>"; };
		6AB206241090EFB400F5C1F7 /* grey.jpg */ = {isa = PBXFileReference; lastKnownFileType = image.jpeg; name = grey.jpg; path = Images/grey.jpg; sourceTree = "<group>"; };
		6AC18A62110F890D00A58D1F /* Image.h */ = {isa = PBXFileReference; fileEncoding = 4; lastKnownFileType = sourcecode.c.h; path = Image.h; sourceTree = "<group>"; };
		6AC18A63110F890D00A58D1F /* Image.m */ = {isa = PBXFileReference; fileEncoding = 4; lastKnownFileType = sourcecode.c.objc; path = Image.m; sourceTree = "<group>"; };
		8D1107310486CEB800E47090 /* Graphics-Info.plist */ = {isa = PBXFileReference; fileEncoding = 4; lastKnownFileType = text.plist.xml; path = "Graphics-Info.plist"; plistStructureDefinitionIdentifier = "com.apple.xcode.plist.structure-definition.iphone.info-plist"; sourceTree = "<group>"; };
/* End PBXFileReference section */

/* Begin PBXFrameworksBuildPhase section */
		1D60588F0D05DD3D006BFB54 /* Frameworks */ = {
			isa = PBXFrameworksBuildPhase;
			buildActionMask = 2147483647;
			files = (
				1D60589F0D05DD5A006BFB54 /* Foundation.framework in Frameworks */,
				1DF5F4E00D08C38300B7A737 /* UIKit.framework in Frameworks */,
				28FD15000DC6FC520079059D /* OpenGLES.framework in Frameworks */,
				28FD15080DC6FC5B0079059D /* QuartzCore.framework in Frameworks */,
				6A6051A6108E5F4600389313 /* CoreGraphics.framework in Frameworks */,
			);
			runOnlyForDeploymentPostprocessing = 0;
		};
/* End PBXFrameworksBuildPhase section */

/* Begin PBXGroup section */
		080E96DDFE201D6D7F000001 /* Classes */ = {
			isa = PBXGroup;
			children = (
				6AAA788D1104FFA30023849D /* Utils */,
				6A6251AA109C60B200A499D6 /* Controller */,
				6A60513F108E5BBC00389313 /* GameModel */,
				2514C26D10084DB100A42282 /* ES1Renderer.h */,
				2514C26E10084DB100A42282 /* ES1Renderer.m */,
				2514C27110084DB100A42282 /* ESRenderer.h */,
				28FD14FC0DC6FC130079059D /* EAGLView.h */,
				28FD14FD0DC6FC130079059D /* EAGLView.m */,
				1D3623240D0F684500981E51 /* GraphicsAppDelegate.h */,
				1D3623250D0F684500981E51 /* GraphicsAppDelegate.m */,
			);
			path = Classes;
			sourceTree = "<group>";
		};
		19C28FACFE9D520D11CA2CBB /* Products */ = {
			isa = PBXGroup;
			children = (
				1D6058910D05DD3D006BFB54 /* Graphics.app */,
			);
			name = Products;
			sourceTree = "<group>";
		};
		2514C27610084DB600A42282 /* Shaders */ = {
			isa = PBXGroup;
			children = (
				2514C27910084DCA00A42282 /* Shader.fsh */,
				2514C27A10084DCA00A42282 /* Shader.vsh */,
			);
			name = Shaders;
			sourceTree = "<group>";
		};
		29B97314FDCFA39411CA2CEA /* CustomTemplate */ = {
			isa = PBXGroup;
			children = (
				080E96DDFE201D6D7F000001 /* Classes */,
				2514C27610084DB600A42282 /* Shaders */,
				29B97315FDCFA39411CA2CEA /* Other Sources */,
				29B97317FDCFA39411CA2CEA /* Resources */,
				29B97323FDCFA39411CA2CEA /* Frameworks */,
				19C28FACFE9D520D11CA2CBB /* Products */,
			);
			name = CustomTemplate;
			sourceTree = "<group>";
		};
		29B97315FDCFA39411CA2CEA /* Other Sources */ = {
			isa = PBXGroup;
			children = (
				32CA4F630368D1EE00C91783 /* Graphics_Prefix.pch */,
				29B97316FDCFA39411CA2CEA /* main.m */,
			);
			name = "Other Sources";
			sourceTree = "<group>";
		};
		29B97317FDCFA39411CA2CEA /* Resources */ = {
			isa = PBXGroup;
			children = (
				6AF44268108FAD6600589A7F /* Images */,
				28AD733E0D9D9553002E5188 /* MainWindow.xib */,
				8D1107310486CEB800E47090 /* Graphics-Info.plist */,
			);
			name = Resources;
			sourceTree = "<group>";
		};
		29B97323FDCFA39411CA2CEA /* Frameworks */ = {
			isa = PBXGroup;
			children = (
				6A6051A5108E5F4600389313 /* CoreGraphics.framework */,
				28FD15070DC6FC5B0079059D /* QuartzCore.framework */,
				28FD14FF0DC6FC520079059D /* OpenGLES.framework */,
				1DF5F4DF0D08C38300B7A737 /* UIKit.framework */,
				1D30AB110D05D00D00671497 /* Foundation.framework */,
			);
			name = Frameworks;
			sourceTree = "<group>";
		};
		6A60513F108E5BBC00389313 /* GameModel */ = {
			isa = PBXGroup;
			children = (
				6A605140108E5BBC00389313 /* Block.h */,
				6A605141108E5BBC00389313 /* Block.m */,
				6A605142108E5BBC00389313 /* Board.h */,
				6A605143108E5BBC00389313 /* Board.m */,
				6A605144108E5BBC00389313 /* Cube.h */,
				6A605145108E5BBC00389313 /* Cube.m */,
				6A605146108E5BBC00389313 /* GameModel.1 */,
				6A605147108E5BBC00389313 /* GameModel.m */,
				6A605148108E5BBC00389313 /* GameModel.xcodeproj */,
				6A60514B108E5BBC00389313 /* GameModel_Prefix.pch */,
			);
			name = GameModel;
			path = ../GameModel;
			sourceTree = SOURCE_ROOT;
		};
		6A605149108E5BBC00389313 /* Products */ = {
			isa = PBXGroup;
			children = (
				6A605157108E5BBC00389313 /* GameModel */,
			);
			name = Products;
			sourceTree = "<group>";
		};
		6A6251AA109C60B200A499D6 /* Controller */ = {
			isa = PBXGroup;
			children = (
				6A772B4A10A0E5840053427B /* GameController.h */,
				6A772B4B10A0E5840053427B /* GameController.m */,
			);
			name = Controller;
			sourceTree = "<group>";
		};
		6AAA788D1104FFA30023849D /* Utils */ = {
			isa = PBXGroup;
			children = (
				6A6051A0108E5E3A00389313 /* Texture2D.h */,
				6A6051A1108E5E3A00389313 /* Texture2D.m */,
				6AC18A62110F890D00A58D1F /* Image.h */,
				6AC18A63110F890D00A58D1F /* Image.m */,
				6A8119331112290500F87CDF /* SpriteSheet.h */,
				6A8119341112290500F87CDF /* SpriteSheet.m */,
			);
			name = Utils;
			sourceTree = "<group>";
		};
		6AF44268108FAD6600589A7F /* Images */ = {
			isa = PBXGroup;
			children = (
				6A81198711123C0200F87CDF /* spritesheet16.gif */,
				6AB206241090EFB400F5C1F7 /* grey.jpg */,
				6AB205FD1090E6C300F5C1F7 /* pink.jpg */,
			);
			name = Images;
			sourceTree = "<group>";
		};
/* End PBXGroup section */

/* Begin PBXNativeTarget section */
		1D6058900D05DD3D006BFB54 /* Graphics */ = {
			isa = PBXNativeTarget;
			buildConfigurationList = 1D6058960D05DD3E006BFB54 /* Build configuration list for PBXNativeTarget "Graphics" */;
			buildPhases = (
				1D60588D0D05DD3D006BFB54 /* Resources */,
				1D60588E0D05DD3D006BFB54 /* Sources */,
				1D60588F0D05DD3D006BFB54 /* Frameworks */,
			);
			buildRules = (
			);
			dependencies = (
			);
			name = Graphics;
			productName = Graphics;
			productReference = 1D6058910D05DD3D006BFB54 /* Graphics.app */;
			productType = "com.apple.product-type.application";
		};
/* End PBXNativeTarget section */

/* Begin PBXProject section */
		29B97313FDCFA39411CA2CEA /* Project object */ = {
			isa = PBXProject;
			buildConfigurationList = C01FCF4E08A954540054247B /* Build configuration list for PBXProject "Graphics" */;
			compatibilityVersion = "Xcode 3.1";
			hasScannedForEncodings = 1;
			mainGroup = 29B97314FDCFA39411CA2CEA /* CustomTemplate */;
			projectDirPath = "";
			projectReferences = (
				{
					ProductGroup = 6A605149108E5BBC00389313 /* Products */;
					ProjectRef = 6A605148108E5BBC00389313 /* GameModel.xcodeproj */;
				},
			);
			projectRoot = "";
			targets = (
				1D6058900D05DD3D006BFB54 /* Graphics */,
			);
		};
/* End PBXProject section */

/* Begin PBXReferenceProxy section */
		6A605157108E5BBC00389313 /* GameModel */ = {
			isa = PBXReferenceProxy;
			fileType = "compiled.mach-o.executable";
			path = GameModel;
			remoteRef = 6A605156108E5BBC00389313 /* PBXContainerItemProxy */;
			sourceTree = BUILT_PRODUCTS_DIR;
		};
/* End PBXReferenceProxy section */

/* Begin PBXResourcesBuildPhase section */
		1D60588D0D05DD3D006BFB54 /* Resources */ = {
			isa = PBXResourcesBuildPhase;
			buildActionMask = 2147483647;
			files = (
				2514C27B10084DCA00A42282 /* Shader.fsh in Resources */,
				2514C27C10084DCA00A42282 /* Shader.vsh in Resources */,
				28AD733F0D9D9553002E5188 /* MainWindow.xib in Resources */,
				6A60514F108E5BBC00389313 /* GameModel.1 in Resources */,
				6AB205FE1090E6C300F5C1F7 /* pink.jpg in Resources */,
				6AB206251090EFB400F5C1F7 /* grey.jpg in Resources */,
				6A81198811123C0200F87CDF /* spritesheet16.gif in Resources */,
			);
			runOnlyForDeploymentPostprocessing = 0;
		};
/* End PBXResourcesBuildPhase section */

/* Begin PBXSourcesBuildPhase section */
		1D60588E0D05DD3D006BFB54 /* Sources */ = {
			isa = PBXSourcesBuildPhase;
			buildActionMask = 2147483647;
			files = (
				1D60589B0D05DD56006BFB54 /* main.m in Sources */,
				1D3623260D0F684500981E51 /* GraphicsAppDelegate.m in Sources */,
				28FD14FE0DC6FC130079059D /* EAGLView.m in Sources */,
				2514C27210084DB100A42282 /* ES1Renderer.m in Sources */,
				6A60514C108E5BBC00389313 /* Block.m in Sources */,
				6A60514D108E5BBC00389313 /* Board.m in Sources */,
				6A60514E108E5BBC00389313 /* Cube.m in Sources */,
				6A6051A2108E5E3A00389313 /* Texture2D.m in Sources */,
				6A772B4C10A0E5840053427B /* GameController.m in Sources */,
				6AC18A64110F890D00A58D1F /* Image.m in Sources */,
				6A8119351112290500F87CDF /* SpriteSheet.m in Sources */,
			);
			runOnlyForDeploymentPostprocessing = 0;
		};
/* End PBXSourcesBuildPhase section */

/* Begin XCBuildConfiguration section */
		1D6058940D05DD3E006BFB54 /* Debug */ = {
			isa = XCBuildConfiguration;
			buildSettings = {
				ALWAYS_SEARCH_USER_PATHS = NO;
				COPY_PHASE_STRIP = NO;
				GCC_DYNAMIC_NO_PIC = NO;
				GCC_OPTIMIZATION_LEVEL = 0;
				GCC_PRECOMPILE_PREFIX_HEADER = YES;
				GCC_PREFIX_HEADER = Graphics_Prefix.pch;
				"GCC_THUMB_SUPPORT[arch=armv6]" = "";
				INFOPLIST_FILE = "Graphics-Info.plist";
				PRODUCT_NAME = Graphics;
			};
			name = Debug;
		};
		1D6058950D05DD3E006BFB54 /* Release */ = {
			isa = XCBuildConfiguration;
			buildSettings = {
				ALWAYS_SEARCH_USER_PATHS = NO;
				COPY_PHASE_STRIP = YES;
				GCC_PRECOMPILE_PREFIX_HEADER = YES;
				GCC_PREFIX_HEADER = Graphics_Prefix.pch;
				"GCC_THUMB_SUPPORT[arch=armv6]" = "";
				INFOPLIST_FILE = "Graphics-Info.plist";
				PRODUCT_NAME = Graphics;
			};
			name = Release;
		};
		C01FCF4F08A954540054247B /* Debug */ = {
			isa = XCBuildConfiguration;
			buildSettings = {
				ARCHS = "$(ARCHS_STANDARD_32_BIT)";
				"CODE_SIGN_IDENTITY[sdk=iphoneos*]" = "iPhone Developer";
				GCC_C_LANGUAGE_STANDARD = c99;
				GCC_PREPROCESSOR_DEFINITIONS = DEBUG;
				GCC_WARN_ABOUT_RETURN_TYPE = YES;
				GCC_WARN_UNUSED_VARIABLE = YES;
				PREBINDING = NO;
				SDKROOT = iphoneos3.1;
			};
			name = Debug;
		};
		C01FCF5008A954540054247B /* Release */ = {
			isa = XCBuildConfiguration;
			buildSettings = {
				ARCHS = "$(ARCHS_STANDARD_32_BIT)";
				"CODE_SIGN_IDENTITY[sdk=iphoneos*]" = "iPhone Developer";
				GCC_C_LANGUAGE_STANDARD = c99;
				GCC_WARN_ABOUT_RETURN_TYPE = YES;
				GCC_WARN_UNUSED_VARIABLE = YES;
				PREBINDING = NO;
				SDKROOT = iphoneos3.1;
			};
			name = Release;
		};
/* End XCBuildConfiguration section */

/* Begin XCConfigurationList section */
		1D6058960D05DD3E006BFB54 /* Build configuration list for PBXNativeTarget "Graphics" */ = {
			isa = XCConfigurationList;
			buildConfigurations = (
				1D6058940D05DD3E006BFB54 /* Debug */,
				1D6058950D05DD3E006BFB54 /* Release */,
			);
			defaultConfigurationIsVisible = 0;
			defaultConfigurationName = Release;
		};
		C01FCF4E08A954540054247B /* Build configuration list for PBXProject "Graphics" */ = {
			isa = XCConfigurationList;
			buildConfigurations = (
				C01FCF4F08A954540054247B /* Debug */,
				C01FCF5008A954540054247B /* Release */,
			);
			defaultConfigurationIsVisible = 0;
			defaultConfigurationName = Release;
		};
/* End XCConfigurationList section */
	};
	rootObject = 29B97313FDCFA39411CA2CEA /* Project object */;
}
