// !$*UTF8*$!
{
	archiveVersion = 1;
	classes = {
	};
	objectVersion = 45;
	objects = {

/* Begin PBXBuildFile section */
		1D3623260D0F684500981E51 /* GraphicsAppDelegate.m in Sources */ = {isa = PBXBuildFile; fileRef = 1D3623250D0F684500981E51 /* GraphicsAppDelegate.m */; };
		1D60589B0D05DD56006BFB54 /* main.m in Sources */ = {isa = PBXBuildFile; fileRef = 29B97316FDCFA39411CA2CEA /* main.m */; };
		1D60589F0D05DD5A006BFB54 /* Foundation.framework in Frameworks */ = {isa = PBXBuildFile; fileRef = 1D30AB110D05D00D00671497 /* Foundation.framework */; };
		1DF5F4E00D08C38300B7A737 /* UIKit.framework in Frameworks */ = {isa = PBXBuildFile; fileRef = 1DF5F4DF0D08C38300B7A737 /* UIKit.framework */; };
		2514C27B10084DCA00A42282 /* Shader.fsh in Resources */ = {isa = PBXBuildFile; fileRef = 2514C27910084DCA00A42282 /* Shader.fsh */; };
		2514C27C10084DCA00A42282 /* Shader.vsh in Resources */ = {isa = PBXBuildFile; fileRef = 2514C27A10084DCA00A42282 /* Shader.vsh */; };
		28AD733F0D9D9553002E5188 /* MainWindow.xib in Resources */ = {isa = PBXBuildFile; fileRef = 28AD733E0D9D9553002E5188 /* MainWindow.xib */; };
		28FD14FE0DC6FC130079059D /* EAGLView.m in Sources */ = {isa = PBXBuildFile; fileRef = 28FD14FD0DC6FC130079059D /* EAGLView.m */; };
		28FD15000DC6FC520079059D /* OpenGLES.framework in Frameworks */ = {isa = PBXBuildFile; fileRef = 28FD14FF0DC6FC520079059D /* OpenGLES.framework */; };
		28FD15080DC6FC5B0079059D /* QuartzCore.framework in Frameworks */ = {isa = PBXBuildFile; fileRef = 28FD15070DC6FC5B0079059D /* QuartzCore.framework */; };
		4C628DA91135CC1000967C38 /* BlockFactory.m in Sources */ = {isa = PBXBuildFile; fileRef = 4C628DA81135CC1000967C38 /* BlockFactory.m */; };
		6A166F9D1148325D00780592 /* Animation.m in Sources */ = {isa = PBXBuildFile; fileRef = 6A166F6B1148325D00780592 /* Animation.m */; };
		6A166F9E1148325D00780592 /* Camera.m in Sources */ = {isa = PBXBuildFile; fileRef = 6A166F6D1148325D00780592 /* Camera.m */; };
		6A166F9F1148325D00780592 /* CollectionNode.m in Sources */ = {isa = PBXBuildFile; fileRef = 6A166F6F1148325D00780592 /* CollectionNode.m */; };
		6A166FA01148325D00780592 /* ColorNode.m in Sources */ = {isa = PBXBuildFile; fileRef = 6A166F711148325D00780592 /* ColorNode.m */; };
		6A166FA11148325D00780592 /* DirectDraw.m in Sources */ = {isa = PBXBuildFile; fileRef = 6A166F741148325D00780592 /* DirectDraw.m */; };
		6A166FA21148325D00780592 /* Director.m in Sources */ = {isa = PBXBuildFile; fileRef = 6A166F761148325D00780592 /* Director.m */; };
		6A166FA41148325D00780592 /* Frame.m in Sources */ = {isa = PBXBuildFile; fileRef = 6A166F7A1148325D00780592 /* Frame.m */; };
		6A166FA51148325D00780592 /* GEParticleEmitter.m in Sources */ = {isa = PBXBuildFile; fileRef = 6A166F7C1148325D00780592 /* GEParticleEmitter.m */; };
		6A166FA61148325D00780592 /* GEScheduler.m in Sources */ = {isa = PBXBuildFile; fileRef = 6A166F7E1148325D00780592 /* GEScheduler.m */; };
		6A166FA71148325D00780592 /* Graphic.m in Sources */ = {isa = PBXBuildFile; fileRef = 6A166F801148325D00780592 /* Graphic.m */; };
		6A166FA81148325D00780592 /* GridEngineAppDelegate.m in Sources */ = {isa = PBXBuildFile; fileRef = 6A166F821148325D00780592 /* GridEngineAppDelegate.m */; };
		6A166FA91148325D00780592 /* LeafNode.m in Sources */ = {isa = PBXBuildFile; fileRef = 6A166F841148325D00780592 /* LeafNode.m */; };
		6A166FAA1148325D00780592 /* Node.m in Sources */ = {isa = PBXBuildFile; fileRef = 6A166F861148325D00780592 /* Node.m */; };
		6A166FAB1148325D00780592 /* Renderer.m in Sources */ = {isa = PBXBuildFile; fileRef = 6A166F881148325D00780592 /* Renderer.m */; };
		6A166FAC1148325D00780592 /* Scene.m in Sources */ = {isa = PBXBuildFile; fileRef = 6A166F8A1148325D00780592 /* Scene.m */; };
		6A166FAD1148325D00780592 /* Sprite.m in Sources */ = {isa = PBXBuildFile; fileRef = 6A166F8C1148325D00780592 /* Sprite.m */; };
		6A166FAE1148325D00780592 /* SpriteSheet.m in Sources */ = {isa = PBXBuildFile; fileRef = 6A166F8E1148325D00780592 /* SpriteSheet.m */; };
		6A166FAF1148325D00780592 /* Texture2D.m in Sources */ = {isa = PBXBuildFile; fileRef = 6A166F901148325D00780592 /* Texture2D.m */; };
		6A166FB01148325D00780592 /* TextureManager.m in Sources */ = {isa = PBXBuildFile; fileRef = 6A166F921148325D00780592 /* TextureManager.m */; };
		6A166FB11148325D00780592 /* TextureNode.m in Sources */ = {isa = PBXBuildFile; fileRef = 6A166F941148325D00780592 /* TextureNode.m */; };
		6A166FB21148325D00780592 /* Tile.m in Sources */ = {isa = PBXBuildFile; fileRef = 6A166F961148325D00780592 /* Tile.m */; };
		6A166FB31148325D00780592 /* TileMap.m in Sources */ = {isa = PBXBuildFile; fileRef = 6A166F981148325D00780592 /* TileMap.m */; };
		6A166FB41148325D00780592 /* TileMapLayer.m in Sources */ = {isa = PBXBuildFile; fileRef = 6A166F9A1148325D00780592 /* TileMapLayer.m */; };
		6A166FB51148325D00780592 /* VideoNode.m in Sources */ = {isa = PBXBuildFile; fileRef = 6A166F9C1148325D00780592 /* VideoNode.m */; };
		6A166FBB1148329400780592 /* DOBoard.m in Sources */ = {isa = PBXBuildFile; fileRef = 6A166FBA1148329400780592 /* DOBoard.m */; };
		6A1670141148396B00780592 /* walking.png in Resources */ = {isa = PBXBuildFile; fileRef = 6A1670131148396B00780592 /* walking.png */; };
		6A60514C108E5BBC00389313 /* Block.m in Sources */ = {isa = PBXBuildFile; fileRef = 6A605141108E5BBC00389313 /* Block.m */; };
		6A60514D108E5BBC00389313 /* Board.m in Sources */ = {isa = PBXBuildFile; fileRef = 6A605143108E5BBC00389313 /* Board.m */; };
		6A60514E108E5BBC00389313 /* Cube.m in Sources */ = {isa = PBXBuildFile; fileRef = 6A605145108E5BBC00389313 /* Cube.m */; };
		6A60514F108E5BBC00389313 /* GameModel.1 in Resources */ = {isa = PBXBuildFile; fileRef = 6A605146108E5BBC00389313 /* GameModel.1 */; };
		6A6051A6108E5F4600389313 /* CoreGraphics.framework in Frameworks */ = {isa = PBXBuildFile; fileRef = 6A6051A5108E5F4600389313 /* CoreGraphics.framework */; };
		6A772B4C10A0E5840053427B /* GameController.m in Sources */ = {isa = PBXBuildFile; fileRef = 6A772B4B10A0E5840053427B /* GameController.m */; };
		6A7EB036111A349C00D29CF3 /* texture.png in Resources */ = {isa = PBXBuildFile; fileRef = 6A7EB035111A349C00D29CF3 /* texture.png */; };
		6A81198811123C0200F87CDF /* spritesheet16.gif in Resources */ = {isa = PBXBuildFile; fileRef = 6A81198711123C0200F87CDF /* spritesheet16.gif */; };
		6AB205FE1090E6C300F5C1F7 /* pink.jpg in Resources */ = {isa = PBXBuildFile; fileRef = 6AB205FD1090E6C300F5C1F7 /* pink.jpg */; };
		6AB206251090EFB400F5C1F7 /* grey.jpg in Resources */ = {isa = PBXBuildFile; fileRef = 6AB206241090EFB400F5C1F7 /* grey.jpg */; };
/* End PBXBuildFile section */

/* Begin PBXContainerItemProxy section */
		6A605156108E5BBC00389313 /* PBXContainerItemProxy */ = {
			isa = PBXContainerItemProxy;
			containerPortal = 6A605148108E5BBC00389313 /* GameModel.xcodeproj */;
			proxyType = 2;
			remoteGlobalIDString = 8DD76FA10486AA7600D96B5E;
			remoteInfo = GameModel;
		};
/* End PBXContainerItemProxy section */

/* Begin PBXFileReference section */
		1D30AB110D05D00D00671497 /* Foundation.framework */ = {isa = PBXFileReference; lastKnownFileType = wrapper.framework; name = Foundation.framework; path = System/Library/Frameworks/Foundation.framework; sourceTree = SDKROOT; };
		1D3623240D0F684500981E51 /* GraphicsAppDelegate.h */ = {isa = PBXFileReference; fileEncoding = 4; lastKnownFileType = sourcecode.c.h; path = GraphicsAppDelegate.h; sourceTree = "<group>"; };
		1D3623250D0F684500981E51 /* GraphicsAppDelegate.m */ = {isa = PBXFileReference; fileEncoding = 4; lastKnownFileType = sourcecode.c.objc; path = GraphicsAppDelegate.m; sourceTree = "<group>"; };
		1D6058910D05DD3D006BFB54 /* Graphics.app */ = {isa = PBXFileReference; explicitFileType = wrapper.application; includeInIndex = 0; path = Graphics.app; sourceTree = BUILT_PRODUCTS_DIR; };
		1DF5F4DF0D08C38300B7A737 /* UIKit.framework */ = {isa = PBXFileReference; lastKnownFileType = wrapper.framework; name = UIKit.framework; path = System/Library/Frameworks/UIKit.framework; sourceTree = SDKROOT; };
		2514C27910084DCA00A42282 /* Shader.fsh */ = {isa = PBXFileReference; fileEncoding = 4; lastKnownFileType = text; name = Shader.fsh; path = Shaders/Shader.fsh; sourceTree = "<group>"; };
		2514C27A10084DCA00A42282 /* Shader.vsh */ = {isa = PBXFileReference; fileEncoding = 4; lastKnownFileType = text; name = Shader.vsh; path = Shaders/Shader.vsh; sourceTree = "<group>"; };
		28AD733E0D9D9553002E5188 /* MainWindow.xib */ = {isa = PBXFileReference; lastKnownFileType = file.xib; path = MainWindow.xib; sourceTree = "<group>"; };
		28FD14FC0DC6FC130079059D /* EAGLView.h */ = {isa = PBXFileReference; fileEncoding = 4; lastKnownFileType = sourcecode.c.h; path = EAGLView.h; sourceTree = "<group>"; };
		28FD14FD0DC6FC130079059D /* EAGLView.m */ = {isa = PBXFileReference; fileEncoding = 4; lastKnownFileType = sourcecode.c.objc; path = EAGLView.m; sourceTree = "<group>"; };
		28FD14FF0DC6FC520079059D /* OpenGLES.framework */ = {isa = PBXFileReference; lastKnownFileType = wrapper.framework; name = OpenGLES.framework; path = System/Library/Frameworks/OpenGLES.framework; sourceTree = SDKROOT; };
		28FD15070DC6FC5B0079059D /* QuartzCore.framework */ = {isa = PBXFileReference; lastKnownFileType = wrapper.framework; name = QuartzCore.framework; path = System/Library/Frameworks/QuartzCore.framework; sourceTree = SDKROOT; };
		29B97316FDCFA39411CA2CEA /* main.m */ = {isa = PBXFileReference; fileEncoding = 4; lastKnownFileType = sourcecode.c.objc; path = main.m; sourceTree = "<group>"; };
		32CA4F630368D1EE00C91783 /* Graphics_Prefix.pch */ = {isa = PBXFileReference; fileEncoding = 4; lastKnownFileType = sourcecode.c.h; path = Graphics_Prefix.pch; sourceTree = "<group>"; };
		4C628DA71135CC1000967C38 /* BlockFactory.h */ = {isa = PBXFileReference; fileEncoding = 4; lastKnownFileType = sourcecode.c.h; path = BlockFactory.h; sourceTree = "<group>"; };
		4C628DA81135CC1000967C38 /* BlockFactory.m */ = {isa = PBXFileReference; fileEncoding = 4; lastKnownFileType = sourcecode.c.objc; path = BlockFactory.m; sourceTree = "<group>"; };
		6A166F6A1148325D00780592 /* Animation.h */ = {isa = PBXFileReference; fileEncoding = 4; lastKnownFileType = sourcecode.c.h; path = Animation.h; sourceTree = "<group>"; };
		6A166F6B1148325D00780592 /* Animation.m */ = {isa = PBXFileReference; fileEncoding = 4; lastKnownFileType = sourcecode.c.objc; path = Animation.m; sourceTree = "<group>"; };
		6A166F6C1148325D00780592 /* Camera.h */ = {isa = PBXFileReference; fileEncoding = 4; lastKnownFileType = sourcecode.c.h; path = Camera.h; sourceTree = "<group>"; };
		6A166F6D1148325D00780592 /* Camera.m */ = {isa = PBXFileReference; fileEncoding = 4; lastKnownFileType = sourcecode.c.objc; path = Camera.m; sourceTree = "<group>"; };
		6A166F6E1148325D00780592 /* CollectionNode.h */ = {isa = PBXFileReference; fileEncoding = 4; lastKnownFileType = sourcecode.c.h; path = CollectionNode.h; sourceTree = "<group>"; };
		6A166F6F1148325D00780592 /* CollectionNode.m */ = {isa = PBXFileReference; fileEncoding = 4; lastKnownFileType = sourcecode.c.objc; path = CollectionNode.m; sourceTree = "<group>"; };
		6A166F701148325D00780592 /* ColorNode.h */ = {isa = PBXFileReference; fileEncoding = 4; lastKnownFileType = sourcecode.c.h; path = ColorNode.h; sourceTree = "<group>"; };
		6A166F711148325D00780592 /* ColorNode.m */ = {isa = PBXFileReference; fileEncoding = 4; lastKnownFileType = sourcecode.c.objc; path = ColorNode.m; sourceTree = "<group>"; };
		6A166F721148325D00780592 /* Common.h */ = {isa = PBXFileReference; fileEncoding = 4; lastKnownFileType = sourcecode.c.h; path = Common.h; sourceTree = "<group>"; };
		6A166F731148325D00780592 /* DirectDraw.h */ = {isa = PBXFileReference; fileEncoding = 4; lastKnownFileType = sourcecode.c.h; path = DirectDraw.h; sourceTree = "<group>"; };
		6A166F741148325D00780592 /* DirectDraw.m */ = {isa = PBXFileReference; fileEncoding = 4; lastKnownFileType = sourcecode.c.objc; path = DirectDraw.m; sourceTree = "<group>"; };
		6A166F751148325D00780592 /* Director.h */ = {isa = PBXFileReference; fileEncoding = 4; lastKnownFileType = sourcecode.c.h; path = Director.h; sourceTree = "<group>"; };
		6A166F761148325D00780592 /* Director.m */ = {isa = PBXFileReference; fileEncoding = 4; lastKnownFileType = sourcecode.c.objc; path = Director.m; sourceTree = "<group>"; };
		6A166F791148325D00780592 /* Frame.h */ = {isa = PBXFileReference; fileEncoding = 4; lastKnownFileType = sourcecode.c.h; path = Frame.h; sourceTree = "<group>"; };
		6A166F7A1148325D00780592 /* Frame.m */ = {isa = PBXFileReference; fileEncoding = 4; lastKnownFileType = sourcecode.c.objc; path = Frame.m; sourceTree = "<group>"; };
		6A166F7B1148325D00780592 /* GEParticleEmitter.h */ = {isa = PBXFileReference; fileEncoding = 4; lastKnownFileType = sourcecode.c.h; path = GEParticleEmitter.h; sourceTree = "<group>"; };
		6A166F7C1148325D00780592 /* GEParticleEmitter.m */ = {isa = PBXFileReference; fileEncoding = 4; lastKnownFileType = sourcecode.c.objc; path = GEParticleEmitter.m; sourceTree = "<group>"; };
		6A166F7D1148325D00780592 /* GEScheduler.h */ = {isa = PBXFileReference; fileEncoding = 4; lastKnownFileType = sourcecode.c.h; path = GEScheduler.h; sourceTree = "<group>"; };
		6A166F7E1148325D00780592 /* GEScheduler.m */ = {isa = PBXFileReference; fileEncoding = 4; lastKnownFileType = sourcecode.c.objc; path = GEScheduler.m; sourceTree = "<group>"; };
		6A166F7F1148325D00780592 /* Graphic.h */ = {isa = PBXFileReference; fileEncoding = 4; lastKnownFileType = sourcecode.c.h; path = Graphic.h; sourceTree = "<group>"; };
		6A166F801148325D00780592 /* Graphic.m */ = {isa = PBXFileReference; fileEncoding = 4; lastKnownFileType = sourcecode.c.objc; path = Graphic.m; sourceTree = "<group>"; };
		6A166F811148325D00780592 /* GridEngineAppDelegate.h */ = {isa = PBXFileReference; fileEncoding = 4; lastKnownFileType = sourcecode.c.h; path = GridEngineAppDelegate.h; sourceTree = "<group>"; };
		6A166F821148325D00780592 /* GridEngineAppDelegate.m */ = {isa = PBXFileReference; fileEncoding = 4; lastKnownFileType = sourcecode.c.objc; path = GridEngineAppDelegate.m; sourceTree = "<group>"; };
		6A166F831148325D00780592 /* LeafNode.h */ = {isa = PBXFileReference; fileEncoding = 4; lastKnownFileType = sourcecode.c.h; path = LeafNode.h; sourceTree = "<group>"; };
		6A166F841148325D00780592 /* LeafNode.m */ = {isa = PBXFileReference; fileEncoding = 4; lastKnownFileType = sourcecode.c.objc; path = LeafNode.m; sourceTree = "<group>"; };
		6A166F851148325D00780592 /* Node.h */ = {isa = PBXFileReference; fileEncoding = 4; lastKnownFileType = sourcecode.c.h; path = Node.h; sourceTree = "<group>"; };
		6A166F861148325D00780592 /* Node.m */ = {isa = PBXFileReference; fileEncoding = 4; lastKnownFileType = sourcecode.c.objc; path = Node.m; sourceTree = "<group>"; };
		6A166F871148325D00780592 /* Renderer.h */ = {isa = PBXFileReference; fileEncoding = 4; lastKnownFileType = sourcecode.c.h; path = Renderer.h; sourceTree = "<group>"; };
		6A166F881148325D00780592 /* Renderer.m */ = {isa = PBXFileReference; fileEncoding = 4; lastKnownFileType = sourcecode.c.objc; path = Renderer.m; sourceTree = "<group>"; };
		6A166F891148325D00780592 /* Scene.h */ = {isa = PBXFileReference; fileEncoding = 4; lastKnownFileType = sourcecode.c.h; path = Scene.h; sourceTree = "<group>"; };
		6A166F8A1148325D00780592 /* Scene.m */ = {isa = PBXFileReference; fileEncoding = 4; lastKnownFileType = sourcecode.c.objc; path = Scene.m; sourceTree = "<group>"; };
		6A166F8B1148325D00780592 /* Sprite.h */ = {isa = PBXFileReference; fileEncoding = 4; lastKnownFileType = sourcecode.c.h; path = Sprite.h; sourceTree = "<group>"; };
		6A166F8C1148325D00780592 /* Sprite.m */ = {isa = PBXFileReference; fileEncoding = 4; lastKnownFileType = sourcecode.c.objc; path = Sprite.m; sourceTree = "<group>"; };
		6A166F8D1148325D00780592 /* SpriteSheet.h */ = {isa = PBXFileReference; fileEncoding = 4; lastKnownFileType = sourcecode.c.h; path = SpriteSheet.h; sourceTree = "<group>"; };
		6A166F8E1148325D00780592 /* SpriteSheet.m */ = {isa = PBXFileReference; fileEncoding = 4; lastKnownFileType = sourcecode.c.objc; path = SpriteSheet.m; sourceTree = "<group>"; };
		6A166F8F1148325D00780592 /* Texture2D.h */ = {isa = PBXFileReference; fileEncoding = 4; lastKnownFileType = sourcecode.c.h; path = Texture2D.h; sourceTree = "<group>"; };
		6A166F901148325D00780592 /* Texture2D.m */ = {isa = PBXFileReference; fileEncoding = 4; lastKnownFileType = sourcecode.c.objc; path = Texture2D.m; sourceTree = "<group>"; };
		6A166F911148325D00780592 /* TextureManager.h */ = {isa = PBXFileReference; fileEncoding = 4; lastKnownFileType = sourcecode.c.h; path = TextureManager.h; sourceTree = "<group>"; };
		6A166F921148325D00780592 /* TextureManager.m */ = {isa = PBXFileReference; fileEncoding = 4; lastKnownFileType = sourcecode.c.objc; path = TextureManager.m; sourceTree = "<group>"; };
		6A166F931148325D00780592 /* TextureNode.h */ = {isa = PBXFileReference; fileEncoding = 4; lastKnownFileType = sourcecode.c.h; path = TextureNode.h; sourceTree = "<group>"; };
		6A166F941148325D00780592 /* TextureNode.m */ = {isa = PBXFileReference; fileEncoding = 4; lastKnownFileType = sourcecode.c.objc; path = TextureNode.m; sourceTree = "<group>"; };
		6A166F951148325D00780592 /* Tile.h */ = {isa = PBXFileReference; fileEncoding = 4; lastKnownFileType = sourcecode.c.h; path = Tile.h; sourceTree = "<group>"; };
		6A166F961148325D00780592 /* Tile.m */ = {isa = PBXFileReference; fileEncoding = 4; lastKnownFileType = sourcecode.c.objc; path = Tile.m; sourceTree = "<group>"; };
		6A166F971148325D00780592 /* TileMap.h */ = {isa = PBXFileReference; fileEncoding = 4; lastKnownFileType = sourcecode.c.h; path = TileMap.h; sourceTree = "<group>"; };
		6A166F981148325D00780592 /* TileMap.m */ = {isa = PBXFileReference; fileEncoding = 4; lastKnownFileType = sourcecode.c.objc; path = TileMap.m; sourceTree = "<group>"; };
		6A166F991148325D00780592 /* TileMapLayer.h */ = {isa = PBXFileReference; fileEncoding = 4; lastKnownFileType = sourcecode.c.h; path = TileMapLayer.h; sourceTree = "<group>"; };
		6A166F9A1148325D00780592 /* TileMapLayer.m */ = {isa = PBXFileReference; fileEncoding = 4; lastKnownFileType = sourcecode.c.objc; path = TileMapLayer.m; sourceTree = "<group>"; };
		6A166F9B1148325D00780592 /* VideoNode.h */ = {isa = PBXFileReference; fileEncoding = 4; lastKnownFileType = sourcecode.c.h; path = VideoNode.h; sourceTree = "<group>"; };
		6A166F9C1148325D00780592 /* VideoNode.m */ = {isa = PBXFileReference; fileEncoding = 4; lastKnownFileType = sourcecode.c.objc; path = VideoNode.m; sourceTree = "<group>"; };
		6A166FB91148329400780592 /* DOBoard.h */ = {isa = PBXFileReference; fileEncoding = 4; lastKnownFileType = sourcecode.c.h; path = DOBoard.h; sourceTree = "<group>"; };
		6A166FBA1148329400780592 /* DOBoard.m */ = {isa = PBXFileReference; fileEncoding = 4; lastKnownFileType = sourcecode.c.objc; path = DOBoard.m; sourceTree = "<group>"; };
		6A1670131148396B00780592 /* walking.png */ = {isa = PBXFileReference; lastKnownFileType = image.png; path = walking.png; sourceTree = "<group>"; };
		6A605140108E5BBC00389313 /* Block.h */ = {isa = PBXFileReference; fileEncoding = 4; lastKnownFileType = sourcecode.c.h; path = Block.h; sourceTree = "<group>"; };
		6A605141108E5BBC00389313 /* Block.m */ = {isa = PBXFileReference; fileEncoding = 4; lastKnownFileType = sourcecode.c.objc; path = Block.m; sourceTree = "<group>"; };
		6A605142108E5BBC00389313 /* Board.h */ = {isa = PBXFileReference; fileEncoding = 4; lastKnownFileType = sourcecode.c.h; path = Board.h; sourceTree = "<group>"; };
		6A605143108E5BBC00389313 /* Board.m */ = {isa = PBXFileReference; fileEncoding = 4; lastKnownFileType = sourcecode.c.objc; path = Board.m; sourceTree = "<group>"; };
		6A605144108E5BBC00389313 /* Cube.h */ = {isa = PBXFileReference; fileEncoding = 4; lastKnownFileType = sourcecode.c.h; path = Cube.h; sourceTree = "<group>"; };
		6A605145108E5BBC00389313 /* Cube.m */ = {isa = PBXFileReference; fileEncoding = 4; lastKnownFileType = sourcecode.c.objc; path = Cube.m; sourceTree = "<group>"; };
		6A605146108E5BBC00389313 /* GameModel.1 */ = {isa = PBXFileReference; fileEncoding = 4; lastKnownFileType = text.man; path = GameModel.1; sourceTree = "<group>"; };
		6A605147108E5BBC00389313 /* GameModel.m */ = {isa = PBXFileReference; fileEncoding = 4; lastKnownFileType = sourcecode.c.objc; path = GameModel.m; sourceTree = "<group>"; };
		6A605148108E5BBC00389313 /* GameModel.xcodeproj */ = {isa = PBXFileReference; lastKnownFileType = "wrapper.pb-project"; path = GameModel.xcodeproj; sourceTree = "<group>"; };
		6A60514B108E5BBC00389313 /* GameModel_Prefix.pch */ = {isa = PBXFileReference; fileEncoding = 4; lastKnownFileType = sourcecode.c.h; path = GameModel_Prefix.pch; sourceTree = "<group>"; };
		6A6051A5108E5F4600389313 /* CoreGraphics.framework */ = {isa = PBXFileReference; lastKnownFileType = wrapper.framework; name = CoreGraphics.framework; path = System/Library/Frameworks/CoreGraphics.framework; sourceTree = SDKROOT; };
		6A772B4A10A0E5840053427B /* GameController.h */ = {isa = PBXFileReference; fileEncoding = 4; lastKnownFileType = sourcecode.c.h; path = GameController.h; sourceTree = "<group>"; };
		6A772B4B10A0E5840053427B /* GameController.m */ = {isa = PBXFileReference; fileEncoding = 4; lastKnownFileType = sourcecode.c.objc; path = GameController.m; sourceTree = "<group>"; };
		6A7EB035111A349C00D29CF3 /* texture.png */ = {isa = PBXFileReference; lastKnownFileType = image.png; path = texture.png; sourceTree = "<group>"; };
		6A81198711123C0200F87CDF /* spritesheet16.gif */ = {isa = PBXFileReference; lastKnownFileType = image.gif; path = spritesheet16.gif; sourceTree = "<group>"; };
		6AB205FD1090E6C300F5C1F7 /* pink.jpg */ = {isa = PBXFileReference; lastKnownFileType = image.jpeg; name = pink.jpg; path = Images/pink.jpg; sourceTree = "<group>"; };
		6AB206241090EFB400F5C1F7 /* grey.jpg */ = {isa = PBXFileReference; lastKnownFileType = image.jpeg; name = grey.jpg; path = Images/grey.jpg; sourceTree = "<group>"; };
		8D1107310486CEB800E47090 /* Graphics-Info.plist */ = {isa = PBXFileReference; fileEncoding = 4; lastKnownFileType = text.plist.xml; path = "Graphics-Info.plist"; plistStructureDefinitionIdentifier = "com.apple.xcode.plist.structure-definition.iphone.info-plist"; sourceTree = "<group>"; };
/* End PBXFileReference section */

/* Begin PBXFrameworksBuildPhase section */
		1D60588F0D05DD3D006BFB54 /* Frameworks */ = {
			isa = PBXFrameworksBuildPhase;
			buildActionMask = 2147483647;
			files = (
				1D60589F0D05DD5A006BFB54 /* Foundation.framework in Frameworks */,
				1DF5F4E00D08C38300B7A737 /* UIKit.framework in Frameworks */,
				28FD15000DC6FC520079059D /* OpenGLES.framework in Frameworks */,
				28FD15080DC6FC5B0079059D /* QuartzCore.framework in Frameworks */,
				6A6051A6108E5F4600389313 /* CoreGraphics.framework in Frameworks */,
			);
			runOnlyForDeploymentPostprocessing = 0;
		};
/* End PBXFrameworksBuildPhase section */

/* Begin PBXGroup section */
		080E96DDFE201D6D7F000001 /* Classes */ = {
			isa = PBXGroup;
			children = (
				6A16710811483F9100780592 /* DisplayObject */,
				6A166F691148325D00780592 /* GridEngine */,
				6A60513F108E5BBC00389313 /* GameModel */,
				6A772B4A10A0E5840053427B /* GameController.h */,
				6A772B4B10A0E5840053427B /* GameController.m */,
				28FD14FC0DC6FC130079059D /* EAGLView.h */,
				28FD14FD0DC6FC130079059D /* EAGLView.m */,
				1D3623240D0F684500981E51 /* GraphicsAppDelegate.h */,
				1D3623250D0F684500981E51 /* GraphicsAppDelegate.m */,
			);
			path = Classes;
			sourceTree = "<group>";
		};
		19C28FACFE9D520D11CA2CBB /* Products */ = {
			isa = PBXGroup;
			children = (
				1D6058910D05DD3D006BFB54 /* Graphics.app */,
			);
			name = Products;
			sourceTree = "<group>";
		};
		2514C27610084DB600A42282 /* Shaders */ = {
			isa = PBXGroup;
			children = (
				2514C27910084DCA00A42282 /* Shader.fsh */,
				2514C27A10084DCA00A42282 /* Shader.vsh */,
			);
			name = Shaders;
			sourceTree = "<group>";
		};
		29B97314FDCFA39411CA2CEA /* CustomTemplate */ = {
			isa = PBXGroup;
			children = (
				080E96DDFE201D6D7F000001 /* Classes */,
				2514C27610084DB600A42282 /* Shaders */,
				29B97315FDCFA39411CA2CEA /* Other Sources */,
				29B97317FDCFA39411CA2CEA /* Resources */,
				29B97323FDCFA39411CA2CEA /* Frameworks */,
				19C28FACFE9D520D11CA2CBB /* Products */,
			);
			name = CustomTemplate;
			sourceTree = "<group>";
		};
		29B97315FDCFA39411CA2CEA /* Other Sources */ = {
			isa = PBXGroup;
			children = (
				32CA4F630368D1EE00C91783 /* Graphics_Prefix.pch */,
				29B97316FDCFA39411CA2CEA /* main.m */,
			);
			name = "Other Sources";
			sourceTree = "<group>";
		};
		29B97317FDCFA39411CA2CEA /* Resources */ = {
			isa = PBXGroup;
			children = (
				6AF44268108FAD6600589A7F /* Images */,
				28AD733E0D9D9553002E5188 /* MainWindow.xib */,
				8D1107310486CEB800E47090 /* Graphics-Info.plist */,
			);
			name = Resources;
			sourceTree = "<group>";
		};
		29B97323FDCFA39411CA2CEA /* Frameworks */ = {
			isa = PBXGroup;
			children = (
				6A6051A5108E5F4600389313 /* CoreGraphics.framework */,
				28FD15070DC6FC5B0079059D /* QuartzCore.framework */,
				28FD14FF0DC6FC520079059D /* OpenGLES.framework */,
				1DF5F4DF0D08C38300B7A737 /* UIKit.framework */,
				1D30AB110D05D00D00671497 /* Foundation.framework */,
			);
			name = Frameworks;
			sourceTree = "<group>";
		};
		6A166F691148325D00780592 /* GridEngine */ = {
			isa = PBXGroup;
			children = (
				6A166F6A1148325D00780592 /* Animation.h */,
				6A166F6B1148325D00780592 /* Animation.m */,
				6A166F6C1148325D00780592 /* Camera.h */,
				6A166F6D1148325D00780592 /* Camera.m */,
				6A166F6E1148325D00780592 /* CollectionNode.h */,
				6A166F6F1148325D00780592 /* CollectionNode.m */,
				6A166F701148325D00780592 /* ColorNode.h */,
				6A166F711148325D00780592 /* ColorNode.m */,
				6A166F721148325D00780592 /* Common.h */,
				6A166F731148325D00780592 /* DirectDraw.h */,
				6A166F741148325D00780592 /* DirectDraw.m */,
				6A166F751148325D00780592 /* Director.h */,
				6A166F761148325D00780592 /* Director.m */,
				6A166F791148325D00780592 /* Frame.h */,
				6A166F7A1148325D00780592 /* Frame.m */,
				6A166F7B1148325D00780592 /* GEParticleEmitter.h */,
				6A166F7C1148325D00780592 /* GEParticleEmitter.m */,
				6A166F7D1148325D00780592 /* GEScheduler.h */,
				6A166F7E1148325D00780592 /* GEScheduler.m */,
				6A166F7F1148325D00780592 /* Graphic.h */,
				6A166F801148325D00780592 /* Graphic.m */,
				6A166F811148325D00780592 /* GridEngineAppDelegate.h */,
				6A166F821148325D00780592 /* GridEngineAppDelegate.m */,
				6A166F831148325D00780592 /* LeafNode.h */,
				6A166F841148325D00780592 /* LeafNode.m */,
				6A166F851148325D00780592 /* Node.h */,
				6A166F861148325D00780592 /* Node.m */,
				6A166F871148325D00780592 /* Renderer.h */,
				6A166F881148325D00780592 /* Renderer.m */,
				6A166F891148325D00780592 /* Scene.h */,
				6A166F8A1148325D00780592 /* Scene.m */,
				6A166F8B1148325D00780592 /* Sprite.h */,
				6A166F8C1148325D00780592 /* Sprite.m */,
				6A166F8D1148325D00780592 /* SpriteSheet.h */,
				6A166F8E1148325D00780592 /* SpriteSheet.m */,
				6A166F8F1148325D00780592 /* Texture2D.h */,
				6A166F901148325D00780592 /* Texture2D.m */,
				6A166F911148325D00780592 /* TextureManager.h */,
				6A166F921148325D00780592 /* TextureManager.m */,
				6A166F931148325D00780592 /* TextureNode.h */,
				6A166F941148325D00780592 /* TextureNode.m */,
				6A166F951148325D00780592 /* Tile.h */,
				6A166F961148325D00780592 /* Tile.m */,
				6A166F971148325D00780592 /* TileMap.h */,
				6A166F981148325D00780592 /* TileMap.m */,
				6A166F991148325D00780592 /* TileMapLayer.h */,
				6A166F9A1148325D00780592 /* TileMapLayer.m */,
				6A166F9B1148325D00780592 /* VideoNode.h */,
				6A166F9C1148325D00780592 /* VideoNode.m */,
			);
			name = GridEngine;
			path = ../../GridEngine/Classes;
			sourceTree = SOURCE_ROOT;
		};
		6A16710811483F9100780592 /* DisplayObject */ = {
			isa = PBXGroup;
			children = (
				6A166FB91148329400780592 /* DOBoard.h */,
				6A166FBA1148329400780592 /* DOBoard.m */,
			);
			name = DisplayObject;
			sourceTree = "<group>";
		};
		6A60513F108E5BBC00389313 /* GameModel */ = {
			isa = PBXGroup;
			children = (
				6A605140108E5BBC00389313 /* Block.h */,
				6A605141108E5BBC00389313 /* Block.m */,
				6A605142108E5BBC00389313 /* Board.h */,
				6A605143108E5BBC00389313 /* Board.m */,
				6A605144108E5BBC00389313 /* Cube.h */,
				6A605145108E5BBC00389313 /* Cube.m */,
				6A605146108E5BBC00389313 /* GameModel.1 */,
				6A605147108E5BBC00389313 /* GameModel.m */,
				6A605148108E5BBC00389313 /* GameModel.xcodeproj */,
				6A60514B108E5BBC00389313 /* GameModel_Prefix.pch */,
				4C628DA71135CC1000967C38 /* BlockFactory.h */,
				4C628DA81135CC1000967C38 /* BlockFactory.m */,
			);
			name = GameModel;
			path = ../GameModel;
			sourceTree = SOURCE_ROOT;
		};
		6A605149108E5BBC00389313 /* Products */ = {
			isa = PBXGroup;
			children = (
				6A605157108E5BBC00389313 /* GameModel */,
			);
			name = Products;
			sourceTree = "<group>";
		};
		6AF44268108FAD6600589A7F /* Images */ = {
			isa = PBXGroup;
			children = (
				6A1670131148396B00780592 /* walking.png */,
				6A7EB035111A349C00D29CF3 /* texture.png */,
				6A81198711123C0200F87CDF /* spritesheet16.gif */,
				6AB206241090EFB400F5C1F7 /* grey.jpg */,
				6AB205FD1090E6C300F5C1F7 /* pink.jpg */,
			);
			name = Images;
			sourceTree = "<group>";
		};
/* End PBXGroup section */

/* Begin PBXNativeTarget section */
		1D6058900D05DD3D006BFB54 /* Graphics */ = {
			isa = PBXNativeTarget;
			buildConfigurationList = 1D6058960D05DD3E006BFB54 /* Build configuration list for PBXNativeTarget "Graphics" */;
			buildPhases = (
				1D60588D0D05DD3D006BFB54 /* Resources */,
				1D60588E0D05DD3D006BFB54 /* Sources */,
				1D60588F0D05DD3D006BFB54 /* Frameworks */,
			);
			buildRules = (
			);
			dependencies = (
			);
			name = Graphics;
			productName = Graphics;
			productReference = 1D6058910D05DD3D006BFB54 /* Graphics.app */;
			productType = "com.apple.product-type.application";
		};
/* End PBXNativeTarget section */

/* Begin PBXProject section */
		29B97313FDCFA39411CA2CEA /* Project object */ = {
			isa = PBXProject;
			attributes = {
				ORGANIZATIONNAME = Bangboo;
			};
			buildConfigurationList = C01FCF4E08A954540054247B /* Build configuration list for PBXProject "Graphics" */;
			compatibilityVersion = "Xcode 3.1";
			hasScannedForEncodings = 1;
			mainGroup = 29B97314FDCFA39411CA2CEA /* CustomTemplate */;
			projectDirPath = "";
			projectReferences = (
				{
					ProductGroup = 6A605149108E5BBC00389313 /* Products */;
					ProjectRef = 6A605148108E5BBC00389313 /* GameModel.xcodeproj */;
				},
			);
			projectRoot = "";
			targets = (
				1D6058900D05DD3D006BFB54 /* Graphics */,
			);
		};
/* End PBXProject section */

/* Begin PBXReferenceProxy section */
		6A605157108E5BBC00389313 /* GameModel */ = {
			isa = PBXReferenceProxy;
			fileType = "compiled.mach-o.executable";
			path = GameModel;
			remoteRef = 6A605156108E5BBC00389313 /* PBXContainerItemProxy */;
			sourceTree = BUILT_PRODUCTS_DIR;
		};
/* End PBXReferenceProxy section */

/* Begin PBXResourcesBuildPhase section */
		1D60588D0D05DD3D006BFB54 /* Resources */ = {
			isa = PBXResourcesBuildPhase;
			buildActionMask = 2147483647;
			files = (
				2514C27B10084DCA00A42282 /* Shader.fsh in Resources */,
				2514C27C10084DCA00A42282 /* Shader.vsh in Resources */,
				28AD733F0D9D9553002E5188 /* MainWindow.xib in Resources */,
				6A60514F108E5BBC00389313 /* GameModel.1 in Resources */,
				6AB205FE1090E6C300F5C1F7 /* pink.jpg in Resources */,
				6AB206251090EFB400F5C1F7 /* grey.jpg in Resources */,
				6A81198811123C0200F87CDF /* spritesheet16.gif in Resources */,
				6A7EB036111A349C00D29CF3 /* texture.png in Resources */,
				6A1670141148396B00780592 /* walking.png in Resources */,
			);
			runOnlyForDeploymentPostprocessing = 0;
		};
/* End PBXResourcesBuildPhase section */

/* Begin PBXSourcesBuildPhase section */
		1D60588E0D05DD3D006BFB54 /* Sources */ = {
			isa = PBXSourcesBuildPhase;
			buildActionMask = 2147483647;
			files = (
				1D60589B0D05DD56006BFB54 /* main.m in Sources */,
				1D3623260D0F684500981E51 /* GraphicsAppDelegate.m in Sources */,
				28FD14FE0DC6FC130079059D /* EAGLView.m in Sources */,
				6A60514C108E5BBC00389313 /* Block.m in Sources */,
				6A60514D108E5BBC00389313 /* Board.m in Sources */,
				6A60514E108E5BBC00389313 /* Cube.m in Sources */,
				6A772B4C10A0E5840053427B /* GameController.m in Sources */,
				4C628DA91135CC1000967C38 /* BlockFactory.m in Sources */,
				6A166F9D1148325D00780592 /* Animation.m in Sources */,
				6A166F9E1148325D00780592 /* Camera.m in Sources */,
				6A166F9F1148325D00780592 /* CollectionNode.m in Sources */,
				6A166FA01148325D00780592 /* ColorNode.m in Sources */,
				6A166FA11148325D00780592 /* DirectDraw.m in Sources */,
				6A166FA21148325D00780592 /* Director.m in Sources */,
				6A166FA41148325D00780592 /* Frame.m in Sources */,
				6A166FA51148325D00780592 /* GEParticleEmitter.m in Sources */,
				6A166FA61148325D00780592 /* GEScheduler.m in Sources */,
				6A166FA71148325D00780592 /* Graphic.m in Sources */,
				6A166FA81148325D00780592 /* GridEngineAppDelegate.m in Sources */,
				6A166FA91148325D00780592 /* LeafNode.m in Sources */,
				6A166FAA1148325D00780592 /* Node.m in Sources */,
				6A166FAB1148325D00780592 /* Renderer.m in Sources */,
				6A166FAC1148325D00780592 /* Scene.m in Sources */,
				6A166FAD1148325D00780592 /* Sprite.m in Sources */,
				6A166FAE1148325D00780592 /* SpriteSheet.m in Sources */,
				6A166FAF1148325D00780592 /* Texture2D.m in Sources */,
				6A166FB01148325D00780592 /* TextureManager.m in Sources */,
				6A166FB11148325D00780592 /* TextureNode.m in Sources */,
				6A166FB21148325D00780592 /* Tile.m in Sources */,
				6A166FB31148325D00780592 /* TileMap.m in Sources */,
				6A166FB41148325D00780592 /* TileMapLayer.m in Sources */,
				6A166FB51148325D00780592 /* VideoNode.m in Sources */,
				6A166FBB1148329400780592 /* DOBoard.m in Sources */,
			);
			runOnlyForDeploymentPostprocessing = 0;
		};
/* End PBXSourcesBuildPhase section */

/* Begin XCBuildConfiguration section */
		1D6058940D05DD3E006BFB54 /* Debug */ = {
			isa = XCBuildConfiguration;
			buildSettings = {
				ALWAYS_SEARCH_USER_PATHS = NO;
				COPY_PHASE_STRIP = NO;
				GCC_DYNAMIC_NO_PIC = NO;
				GCC_OPTIMIZATION_LEVEL = 0;
				GCC_PRECOMPILE_PREFIX_HEADER = YES;
				GCC_PREFIX_HEADER = Graphics_Prefix.pch;
				"GCC_THUMB_SUPPORT[arch=armv6]" = "";
				INFOPLIST_FILE = "Graphics-Info.plist";
				PRODUCT_NAME = Graphics;
			};
			name = Debug;
		};
		1D6058950D05DD3E006BFB54 /* Release */ = {
			isa = XCBuildConfiguration;
			buildSettings = {
				ALWAYS_SEARCH_USER_PATHS = NO;
				COPY_PHASE_STRIP = YES;
				GCC_PRECOMPILE_PREFIX_HEADER = YES;
				GCC_PREFIX_HEADER = Graphics_Prefix.pch;
				"GCC_THUMB_SUPPORT[arch=armv6]" = "";
				INFOPLIST_FILE = "Graphics-Info.plist";
				PRODUCT_NAME = Graphics;
			};
			name = Release;
		};
		C01FCF4F08A954540054247B /* Debug */ = {
			isa = XCBuildConfiguration;
			buildSettings = {
				ARCHS = "$(ARCHS_STANDARD_32_BIT)";
				"CODE_SIGN_IDENTITY[sdk=iphoneos*]" = "iPhone Developer";
				GCC_C_LANGUAGE_STANDARD = c99;
				GCC_PREPROCESSOR_DEFINITIONS = DEBUG;
				GCC_WARN_ABOUT_RETURN_TYPE = YES;
				GCC_WARN_UNUSED_VARIABLE = YES;
				PREBINDING = NO;
				SDKROOT = iphoneos3.1;
			};
			name = Debug;
		};
		C01FCF5008A954540054247B /* Release */ = {
			isa = XCBuildConfiguration;
			buildSettings = {
				ARCHS = "$(ARCHS_STANDARD_32_BIT)";
				"CODE_SIGN_IDENTITY[sdk=iphoneos*]" = "iPhone Developer";
				GCC_C_LANGUAGE_STANDARD = c99;
				GCC_WARN_ABOUT_RETURN_TYPE = YES;
				GCC_WARN_UNUSED_VARIABLE = YES;
				PREBINDING = NO;
				SDKROOT = iphoneos3.1;
			};
			name = Release;
		};
/* End XCBuildConfiguration section */

/* Begin XCConfigurationList section */
		1D6058960D05DD3E006BFB54 /* Build configuration list for PBXNativeTarget "Graphics" */ = {
			isa = XCConfigurationList;
			buildConfigurations = (
				1D6058940D05DD3E006BFB54 /* Debug */,
				1D6058950D05DD3E006BFB54 /* Release */,
			);
			defaultConfigurationIsVisible = 0;
			defaultConfigurationName = Release;
		};
		C01FCF4E08A954540054247B /* Build configuration list for PBXProject "Graphics" */ = {
			isa = XCConfigurationList;
			buildConfigurations = (
				C01FCF4F08A954540054247B /* Debug */,
				C01FCF5008A954540054247B /* Release */,
			);
			defaultConfigurationIsVisible = 0;
			defaultConfigurationName = Release;
		};
/* End XCConfigurationList section */
	};
	rootObject = 29B97313FDCFA39411CA2CEA /* Project object */;
}
