// !$*UTF8*$!
{
	archiveVersion = 1;
	classes = {
	};
	objectVersion = 45;
	objects = {

/* Begin PBXBuildFile section */
		1D3623260D0F684500981E51 /* GraphicsAppDelegate.m in Sources */ = {isa = PBXBuildFile; fileRef = 1D3623250D0F684500981E51 /* GraphicsAppDelegate.m */; };
		1D60589B0D05DD56006BFB54 /* main.m in Sources */ = {isa = PBXBuildFile; fileRef = 29B97316FDCFA39411CA2CEA /* main.m */; };
		1D60589F0D05DD5A006BFB54 /* Foundation.framework in Frameworks */ = {isa = PBXBuildFile; fileRef = 1D30AB110D05D00D00671497 /* Foundation.framework */; };
		1DF5F4E00D08C38300B7A737 /* UIKit.framework in Frameworks */ = {isa = PBXBuildFile; fileRef = 1DF5F4DF0D08C38300B7A737 /* UIKit.framework */; };
		2514C27B10084DCA00A42282 /* Shader.fsh in Resources */ = {isa = PBXBuildFile; fileRef = 2514C27910084DCA00A42282 /* Shader.fsh */; };
		2514C27C10084DCA00A42282 /* Shader.vsh in Resources */ = {isa = PBXBuildFile; fileRef = 2514C27A10084DCA00A42282 /* Shader.vsh */; };
		28AD733F0D9D9553002E5188 /* MainWindow.xib in Resources */ = {isa = PBXBuildFile; fileRef = 28AD733E0D9D9553002E5188 /* MainWindow.xib */; };
		28FD14FE0DC6FC130079059D /* EAGLView.m in Sources */ = {isa = PBXBuildFile; fileRef = 28FD14FD0DC6FC130079059D /* EAGLView.m */; };
		28FD15000DC6FC520079059D /* OpenGLES.framework in Frameworks */ = {isa = PBXBuildFile; fileRef = 28FD14FF0DC6FC520079059D /* OpenGLES.framework */; };
		28FD15080DC6FC5B0079059D /* QuartzCore.framework in Frameworks */ = {isa = PBXBuildFile; fileRef = 28FD15070DC6FC5B0079059D /* QuartzCore.framework */; };
		4C628DA91135CC1000967C38 /* BlockFactory.m in Sources */ = {isa = PBXBuildFile; fileRef = 4C628DA81135CC1000967C38 /* BlockFactory.m */; };
		6A166FBB1148329400780592 /* DOBoard.m in Sources */ = {isa = PBXBuildFile; fileRef = 6A166FBA1148329400780592 /* DOBoard.m */; };
		6A1670141148396B00780592 /* walking.png in Resources */ = {isa = PBXBuildFile; fileRef = 6A1670131148396B00780592 /* walking.png */; };
		6A3AF74E114C48EE00714CDA /* smallCube.png in Resources */ = {isa = PBXBuildFile; fileRef = 6A3AF74D114C48EE00714CDA /* smallCube.png */; };
		6A60514C108E5BBC00389313 /* Block.m in Sources */ = {isa = PBXBuildFile; fileRef = 6A605141108E5BBC00389313 /* Block.m */; };
		6A60514D108E5BBC00389313 /* Board.m in Sources */ = {isa = PBXBuildFile; fileRef = 6A605143108E5BBC00389313 /* Board.m */; };
		6A60514E108E5BBC00389313 /* Cube.m in Sources */ = {isa = PBXBuildFile; fileRef = 6A605145108E5BBC00389313 /* Cube.m */; };
		6A60514F108E5BBC00389313 /* GameModel.1 in Resources */ = {isa = PBXBuildFile; fileRef = 6A605146108E5BBC00389313 /* GameModel.1 */; };
		6A6051A6108E5F4600389313 /* CoreGraphics.framework in Frameworks */ = {isa = PBXBuildFile; fileRef = 6A6051A5108E5F4600389313 /* CoreGraphics.framework */; };
		6A772B4C10A0E5840053427B /* GameController.m in Sources */ = {isa = PBXBuildFile; fileRef = 6A772B4B10A0E5840053427B /* GameController.m */; };
		6A7EB036111A349C00D29CF3 /* texture.png in Resources */ = {isa = PBXBuildFile; fileRef = 6A7EB035111A349C00D29CF3 /* texture.png */; };
		6A81198811123C0200F87CDF /* spritesheet16.gif in Resources */ = {isa = PBXBuildFile; fileRef = 6A81198711123C0200F87CDF /* spritesheet16.gif */; };
		6A816C601149AF110042E9C3 /* bibi.png in Resources */ = {isa = PBXBuildFile; fileRef = 6A816C5F1149AF110042E9C3 /* bibi.png */; };
		6A816C741149B32C0042E9C3 /* explosion.png in Resources */ = {isa = PBXBuildFile; fileRef = 6A816C731149B32C0042E9C3 /* explosion.png */; };
		6A9B79C6114DABD900CA77D4 /* GEAnimation.m in Sources */ = {isa = PBXBuildFile; fileRef = 6A9B7999114DABD900CA77D4 /* GEAnimation.m */; };
		6A9B79C7114DABD900CA77D4 /* GECamera.m in Sources */ = {isa = PBXBuildFile; fileRef = 6A9B799B114DABD900CA77D4 /* GECamera.m */; };
		6A9B79C8114DABD900CA77D4 /* GECollectionNode.m in Sources */ = {isa = PBXBuildFile; fileRef = 6A9B799D114DABD900CA77D4 /* GECollectionNode.m */; };
		6A9B79C9114DABD900CA77D4 /* GEColorNode.m in Sources */ = {isa = PBXBuildFile; fileRef = 6A9B799F114DABD900CA77D4 /* GEColorNode.m */; };
		6A9B79CA114DABD900CA77D4 /* GEDirectDraw.m in Sources */ = {isa = PBXBuildFile; fileRef = 6A9B79A2114DABD900CA77D4 /* GEDirectDraw.m */; };
		6A9B79CB114DABD900CA77D4 /* GEDirector.m in Sources */ = {isa = PBXBuildFile; fileRef = 6A9B79A4114DABD900CA77D4 /* GEDirector.m */; };
		6A9B79CC114DABD900CA77D4 /* GEGraphic.m in Sources */ = {isa = PBXBuildFile; fileRef = 6A9B79A6114DABD900CA77D4 /* GEGraphic.m */; };
		6A9B79CD114DABD900CA77D4 /* GENode.m in Sources */ = {isa = PBXBuildFile; fileRef = 6A9B79A8114DABD900CA77D4 /* GENode.m */; };
		6A9B79CE114DABD900CA77D4 /* GEParticleEmitter.m in Sources */ = {isa = PBXBuildFile; fileRef = 6A9B79AA114DABD900CA77D4 /* GEParticleEmitter.m */; };
		6A9B79CF114DABD900CA77D4 /* GERenderer.m in Sources */ = {isa = PBXBuildFile; fileRef = 6A9B79AC114DABD900CA77D4 /* GERenderer.m */; };
		6A9B79D0114DABD900CA77D4 /* GEScene.m in Sources */ = {isa = PBXBuildFile; fileRef = 6A9B79AE114DABD900CA77D4 /* GEScene.m */; };
		6A9B79D1114DABD900CA77D4 /* GEScheduler.m in Sources */ = {isa = PBXBuildFile; fileRef = 6A9B79B0114DABD900CA77D4 /* GEScheduler.m */; };
		6A9B79D2114DABD900CA77D4 /* GESprite.m in Sources */ = {isa = PBXBuildFile; fileRef = 6A9B79B2114DABD900CA77D4 /* GESprite.m */; };
		6A9B79D3114DABD900CA77D4 /* GESpriteSheet.m in Sources */ = {isa = PBXBuildFile; fileRef = 6A9B79B4114DABD900CA77D4 /* GESpriteSheet.m */; };
		6A9B79D4114DABD900CA77D4 /* GETexManager.m in Sources */ = {isa = PBXBuildFile; fileRef = 6A9B79B6114DABD900CA77D4 /* GETexManager.m */; };
		6A9B79D5114DABD900CA77D4 /* GETextureNode.m in Sources */ = {isa = PBXBuildFile; fileRef = 6A9B79B8114DABD900CA77D4 /* GETextureNode.m */; };
		6A9B79D6114DABD900CA77D4 /* GETile.m in Sources */ = {isa = PBXBuildFile; fileRef = 6A9B79BA114DABD900CA77D4 /* GETile.m */; };
		6A9B79D7114DABD900CA77D4 /* GETileMap.m in Sources */ = {isa = PBXBuildFile; fileRef = 6A9B79BC114DABD900CA77D4 /* GETileMap.m */; };
		6A9B79D8114DABD900CA77D4 /* GETileMapLayer.m in Sources */ = {isa = PBXBuildFile; fileRef = 6A9B79BE114DABD900CA77D4 /* GETileMapLayer.m */; };
		6A9B79D9114DABD900CA77D4 /* GEVideoNode.m in Sources */ = {isa = PBXBuildFile; fileRef = 6A9B79C0114DABD900CA77D4 /* GEVideoNode.m */; };
		6A9B79DA114DABD900CA77D4 /* GridEngineAppDelegate.m in Sources */ = {isa = PBXBuildFile; fileRef = 6A9B79C2114DABD900CA77D4 /* GridEngineAppDelegate.m */; };
		6A9B79DB114DABD900CA77D4 /* Texture2D.m in Sources */ = {isa = PBXBuildFile; fileRef = 6A9B79C4114DABD900CA77D4 /* Texture2D.m */; };
		6AA1DD10114AF35E007117D1 /* Cube2.png in Resources */ = {isa = PBXBuildFile; fileRef = 6AA1DD0F114AF35E007117D1 /* Cube2.png */; };
		6AA1DD20114AF85D007117D1 /* Cube3.png in Resources */ = {isa = PBXBuildFile; fileRef = 6AA1DD1F114AF85D007117D1 /* Cube3.png */; };
		6AB205FE1090E6C300F5C1F7 /* pink.jpg in Resources */ = {isa = PBXBuildFile; fileRef = 6AB205FD1090E6C300F5C1F7 /* pink.jpg */; };
		6AB206251090EFB400F5C1F7 /* grey.jpg in Resources */ = {isa = PBXBuildFile; fileRef = 6AB206241090EFB400F5C1F7 /* grey.jpg */; };
/* End PBXBuildFile section */

/* Begin PBXContainerItemProxy section */
		6A605156108E5BBC00389313 /* PBXContainerItemProxy */ = {
			isa = PBXContainerItemProxy;
			containerPortal = 6A605148108E5BBC00389313 /* GameModel.xcodeproj */;
			proxyType = 2;
			remoteGlobalIDString = 8DD76FA10486AA7600D96B5E;
			remoteInfo = GameModel;
		};
/* End PBXContainerItemProxy section */

/* Begin PBXFileReference section */
		1D30AB110D05D00D00671497 /* Foundation.framework */ = {isa = PBXFileReference; lastKnownFileType = wrapper.framework; name = Foundation.framework; path = System/Library/Frameworks/Foundation.framework; sourceTree = SDKROOT; };
		1D3623240D0F684500981E51 /* GraphicsAppDelegate.h */ = {isa = PBXFileReference; fileEncoding = 4; lastKnownFileType = sourcecode.c.h; path = GraphicsAppDelegate.h; sourceTree = "<group>"; };
		1D3623250D0F684500981E51 /* GraphicsAppDelegate.m */ = {isa = PBXFileReference; fileEncoding = 4; lastKnownFileType = sourcecode.c.objc; path = GraphicsAppDelegate.m; sourceTree = "<group>"; };
		1D6058910D05DD3D006BFB54 /* Graphics.app */ = {isa = PBXFileReference; explicitFileType = wrapper.application; includeInIndex = 0; path = Graphics.app; sourceTree = BUILT_PRODUCTS_DIR; };
		1DF5F4DF0D08C38300B7A737 /* UIKit.framework */ = {isa = PBXFileReference; lastKnownFileType = wrapper.framework; name = UIKit.framework; path = System/Library/Frameworks/UIKit.framework; sourceTree = SDKROOT; };
		2514C27910084DCA00A42282 /* Shader.fsh */ = {isa = PBXFileReference; fileEncoding = 4; lastKnownFileType = text; name = Shader.fsh; path = Shaders/Shader.fsh; sourceTree = "<group>"; };
		2514C27A10084DCA00A42282 /* Shader.vsh */ = {isa = PBXFileReference; fileEncoding = 4; lastKnownFileType = text; name = Shader.vsh; path = Shaders/Shader.vsh; sourceTree = "<group>"; };
		28AD733E0D9D9553002E5188 /* MainWindow.xib */ = {isa = PBXFileReference; lastKnownFileType = file.xib; path = MainWindow.xib; sourceTree = "<group>"; };
		28FD14FC0DC6FC130079059D /* EAGLView.h */ = {isa = PBXFileReference; fileEncoding = 4; lastKnownFileType = sourcecode.c.h; path = EAGLView.h; sourceTree = "<group>"; };
		28FD14FD0DC6FC130079059D /* EAGLView.m */ = {isa = PBXFileReference; fileEncoding = 4; lastKnownFileType = sourcecode.c.objc; path = EAGLView.m; sourceTree = "<group>"; };
		28FD14FF0DC6FC520079059D /* OpenGLES.framework */ = {isa = PBXFileReference; lastKnownFileType = wrapper.framework; name = OpenGLES.framework; path = System/Library/Frameworks/OpenGLES.framework; sourceTree = SDKROOT; };
		28FD15070DC6FC5B0079059D /* QuartzCore.framework */ = {isa = PBXFileReference; lastKnownFileType = wrapper.framework; name = QuartzCore.framework; path = System/Library/Frameworks/QuartzCore.framework; sourceTree = SDKROOT; };
		29B97316FDCFA39411CA2CEA /* main.m */ = {isa = PBXFileReference; fileEncoding = 4; lastKnownFileType = sourcecode.c.objc; path = main.m; sourceTree = "<group>"; };
		32CA4F630368D1EE00C91783 /* Graphics_Prefix.pch */ = {isa = PBXFileReference; fileEncoding = 4; lastKnownFileType = sourcecode.c.h; path = Graphics_Prefix.pch; sourceTree = "<group>"; };
		4C628DA71135CC1000967C38 /* BlockFactory.h */ = {isa = PBXFileReference; fileEncoding = 4; lastKnownFileType = sourcecode.c.h; path = BlockFactory.h; sourceTree = "<group>"; };
		4C628DA81135CC1000967C38 /* BlockFactory.m */ = {isa = PBXFileReference; fileEncoding = 4; lastKnownFileType = sourcecode.c.objc; path = BlockFactory.m; sourceTree = "<group>"; };
		6A166FB91148329400780592 /* DOBoard.h */ = {isa = PBXFileReference; fileEncoding = 4; lastKnownFileType = sourcecode.c.h; path = DOBoard.h; sourceTree = "<group>"; };
		6A166FBA1148329400780592 /* DOBoard.m */ = {isa = PBXFileReference; fileEncoding = 4; lastKnownFileType = sourcecode.c.objc; path = DOBoard.m; sourceTree = "<group>"; };
		6A1670131148396B00780592 /* walking.png */ = {isa = PBXFileReference; lastKnownFileType = image.png; path = walking.png; sourceTree = "<group>"; };
		6A3AF74D114C48EE00714CDA /* smallCube.png */ = {isa = PBXFileReference; lastKnownFileType = image.png; path = smallCube.png; sourceTree = "<group>"; };
		6A605140108E5BBC00389313 /* Block.h */ = {isa = PBXFileReference; fileEncoding = 4; lastKnownFileType = sourcecode.c.h; path = Block.h; sourceTree = "<group>"; };
		6A605141108E5BBC00389313 /* Block.m */ = {isa = PBXFileReference; fileEncoding = 4; lastKnownFileType = sourcecode.c.objc; path = Block.m; sourceTree = "<group>"; };
		6A605142108E5BBC00389313 /* Board.h */ = {isa = PBXFileReference; fileEncoding = 4; lastKnownFileType = sourcecode.c.h; path = Board.h; sourceTree = "<group>"; };
		6A605143108E5BBC00389313 /* Board.m */ = {isa = PBXFileReference; fileEncoding = 4; lastKnownFileType = sourcecode.c.objc; path = Board.m; sourceTree = "<group>"; };
		6A605144108E5BBC00389313 /* Cube.h */ = {isa = PBXFileReference; fileEncoding = 4; lastKnownFileType = sourcecode.c.h; path = Cube.h; sourceTree = "<group>"; };
		6A605145108E5BBC00389313 /* Cube.m */ = {isa = PBXFileReference; fileEncoding = 4; lastKnownFileType = sourcecode.c.objc; path = Cube.m; sourceTree = "<group>"; };
		6A605146108E5BBC00389313 /* GameModel.1 */ = {isa = PBXFileReference; fileEncoding = 4; lastKnownFileType = text.man; path = GameModel.1; sourceTree = "<group>"; };
		6A605147108E5BBC00389313 /* GameModel.m */ = {isa = PBXFileReference; fileEncoding = 4; lastKnownFileType = sourcecode.c.objc; path = GameModel.m; sourceTree = "<group>"; };
		6A605148108E5BBC00389313 /* GameModel.xcodeproj */ = {isa = PBXFileReference; lastKnownFileType = "wrapper.pb-project"; path = GameModel.xcodeproj; sourceTree = "<group>"; };
		6A60514B108E5BBC00389313 /* GameModel_Prefix.pch */ = {isa = PBXFileReference; fileEncoding = 4; lastKnownFileType = sourcecode.c.h; path = GameModel_Prefix.pch; sourceTree = "<group>"; };
		6A6051A5108E5F4600389313 /* CoreGraphics.framework */ = {isa = PBXFileReference; lastKnownFileType = wrapper.framework; name = CoreGraphics.framework; path = System/Library/Frameworks/CoreGraphics.framework; sourceTree = SDKROOT; };
		6A772B4A10A0E5840053427B /* GameController.h */ = {isa = PBXFileReference; fileEncoding = 4; lastKnownFileType = sourcecode.c.h; path = GameController.h; sourceTree = "<group>"; };
		6A772B4B10A0E5840053427B /* GameController.m */ = {isa = PBXFileReference; fileEncoding = 4; lastKnownFileType = sourcecode.c.objc; path = GameController.m; sourceTree = "<group>"; };
		6A7EB035111A349C00D29CF3 /* texture.png */ = {isa = PBXFileReference; lastKnownFileType = image.png; path = texture.png; sourceTree = "<group>"; };
		6A81198711123C0200F87CDF /* spritesheet16.gif */ = {isa = PBXFileReference; lastKnownFileType = image.gif; path = spritesheet16.gif; sourceTree = "<group>"; };
		6A816C5F1149AF110042E9C3 /* bibi.png */ = {isa = PBXFileReference; lastKnownFileType = image.png; path = bibi.png; sourceTree = "<group>"; };
		6A816C731149B32C0042E9C3 /* explosion.png */ = {isa = PBXFileReference; lastKnownFileType = image.png; path = explosion.png; sourceTree = "<group>"; };
		6A9B7998114DABD900CA77D4 /* GEAnimation.h */ = {isa = PBXFileReference; fileEncoding = 4; lastKnownFileType = sourcecode.c.h; path = GEAnimation.h; sourceTree = "<group>"; };
		6A9B7999114DABD900CA77D4 /* GEAnimation.m */ = {isa = PBXFileReference; fileEncoding = 4; lastKnownFileType = sourcecode.c.objc; path = GEAnimation.m; sourceTree = "<group>"; };
		6A9B799A114DABD900CA77D4 /* GECamera.h */ = {isa = PBXFileReference; fileEncoding = 4; lastKnownFileType = sourcecode.c.h; path = GECamera.h; sourceTree = "<group>"; };
		6A9B799B114DABD900CA77D4 /* GECamera.m */ = {isa = PBXFileReference; fileEncoding = 4; lastKnownFileType = sourcecode.c.objc; path = GECamera.m; sourceTree = "<group>"; };
		6A9B799C114DABD900CA77D4 /* GECollectionNode.h */ = {isa = PBXFileReference; fileEncoding = 4; lastKnownFileType = sourcecode.c.h; path = GECollectionNode.h; sourceTree = "<group>"; };
		6A9B799D114DABD900CA77D4 /* GECollectionNode.m */ = {isa = PBXFileReference; fileEncoding = 4; lastKnownFileType = sourcecode.c.objc; path = GECollectionNode.m; sourceTree = "<group>"; };
		6A9B799E114DABD900CA77D4 /* GEColorNode.h */ = {isa = PBXFileReference; fileEncoding = 4; lastKnownFileType = sourcecode.c.h; path = GEColorNode.h; sourceTree = "<group>"; };
		6A9B799F114DABD900CA77D4 /* GEColorNode.m */ = {isa = PBXFileReference; fileEncoding = 4; lastKnownFileType = sourcecode.c.objc; path = GEColorNode.m; sourceTree = "<group>"; };
		6A9B79A0114DABD900CA77D4 /* GECommon.h */ = {isa = PBXFileReference; fileEncoding = 4; lastKnownFileType = sourcecode.c.h; path = GECommon.h; sourceTree = "<group>"; };
		6A9B79A1114DABD900CA77D4 /* GEDirectDraw.h */ = {isa = PBXFileReference; fileEncoding = 4; lastKnownFileType = sourcecode.c.h; path = GEDirectDraw.h; sourceTree = "<group>"; };
		6A9B79A2114DABD900CA77D4 /* GEDirectDraw.m */ = {isa = PBXFileReference; fileEncoding = 4; lastKnownFileType = sourcecode.c.objc; path = GEDirectDraw.m; sourceTree = "<group>"; };
		6A9B79A3114DABD900CA77D4 /* GEDirector.h */ = {isa = PBXFileReference; fileEncoding = 4; lastKnownFileType = sourcecode.c.h; path = GEDirector.h; sourceTree = "<group>"; };
		6A9B79A4114DABD900CA77D4 /* GEDirector.m */ = {isa = PBXFileReference; fileEncoding = 4; lastKnownFileType = sourcecode.c.objc; path = GEDirector.m; sourceTree = "<group>"; };
		6A9B79A5114DABD900CA77D4 /* GEGraphic.h */ = {isa = PBXFileReference; fileEncoding = 4; lastKnownFileType = sourcecode.c.h; path = GEGraphic.h; sourceTree = "<group>"; };
		6A9B79A6114DABD900CA77D4 /* GEGraphic.m */ = {isa = PBXFileReference; fileEncoding = 4; lastKnownFileType = sourcecode.c.objc; path = GEGraphic.m; sourceTree = "<group>"; };
		6A9B79A7114DABD900CA77D4 /* GENode.h */ = {isa = PBXFileReference; fileEncoding = 4; lastKnownFileType = sourcecode.c.h; path = GENode.h; sourceTree = "<group>"; };
		6A9B79A8114DABD900CA77D4 /* GENode.m */ = {isa = PBXFileReference; fileEncoding = 4; lastKnownFileType = sourcecode.c.objc; path = GENode.m; sourceTree = "<group>"; };
		6A9B79A9114DABD900CA77D4 /* GEParticleEmitter.h */ = {isa = PBXFileReference; fileEncoding = 4; lastKnownFileType = sourcecode.c.h; path = GEParticleEmitter.h; sourceTree = "<group>"; };
		6A9B79AA114DABD900CA77D4 /* GEParticleEmitter.m */ = {isa = PBXFileReference; fileEncoding = 4; lastKnownFileType = sourcecode.c.objc; path = GEParticleEmitter.m; sourceTree = "<group>"; };
		6A9B79AB114DABD900CA77D4 /* GERenderer.h */ = {isa = PBXFileReference; fileEncoding = 4; lastKnownFileType = sourcecode.c.h; path = GERenderer.h; sourceTree = "<group>"; };
		6A9B79AC114DABD900CA77D4 /* GERenderer.m */ = {isa = PBXFileReference; fileEncoding = 4; lastKnownFileType = sourcecode.c.objc; path = GERenderer.m; sourceTree = "<group>"; };
		6A9B79AD114DABD900CA77D4 /* GEScene.h */ = {isa = PBXFileReference; fileEncoding = 4; lastKnownFileType = sourcecode.c.h; path = GEScene.h; sourceTree = "<group>"; };
		6A9B79AE114DABD900CA77D4 /* GEScene.m */ = {isa = PBXFileReference; fileEncoding = 4; lastKnownFileType = sourcecode.c.objc; path = GEScene.m; sourceTree = "<group>"; };
		6A9B79AF114DABD900CA77D4 /* GEScheduler.h */ = {isa = PBXFileReference; fileEncoding = 4; lastKnownFileType = sourcecode.c.h; path = GEScheduler.h; sourceTree = "<group>"; };
		6A9B79B0114DABD900CA77D4 /* GEScheduler.m */ = {isa = PBXFileReference; fileEncoding = 4; lastKnownFileType = sourcecode.c.objc; path = GEScheduler.m; sourceTree = "<group>"; };
		6A9B79B1114DABD900CA77D4 /* GESprite.h */ = {isa = PBXFileReference; fileEncoding = 4; lastKnownFileType = sourcecode.c.h; path = GESprite.h; sourceTree = "<group>"; };
		6A9B79B2114DABD900CA77D4 /* GESprite.m */ = {isa = PBXFileReference; fileEncoding = 4; lastKnownFileType = sourcecode.c.objc; path = GESprite.m; sourceTree = "<group>"; };
		6A9B79B3114DABD900CA77D4 /* GESpriteSheet.h */ = {isa = PBXFileReference; fileEncoding = 4; lastKnownFileType = sourcecode.c.h; path = GESpriteSheet.h; sourceTree = "<group>"; };
		6A9B79B4114DABD900CA77D4 /* GESpriteSheet.m */ = {isa = PBXFileReference; fileEncoding = 4; lastKnownFileType = sourcecode.c.objc; path = GESpriteSheet.m; sourceTree = "<group>"; };
		6A9B79B5114DABD900CA77D4 /* GETexManager.h */ = {isa = PBXFileReference; fileEncoding = 4; lastKnownFileType = sourcecode.c.h; path = GETexManager.h; sourceTree = "<group>"; };
		6A9B79B6114DABD900CA77D4 /* GETexManager.m */ = {isa = PBXFileReference; fileEncoding = 4; lastKnownFileType = sourcecode.c.objc; path = GETexManager.m; sourceTree = "<group>"; };
		6A9B79B7114DABD900CA77D4 /* GETextureNode.h */ = {isa = PBXFileReference; fileEncoding = 4; lastKnownFileType = sourcecode.c.h; path = GETextureNode.h; sourceTree = "<group>"; };
		6A9B79B8114DABD900CA77D4 /* GETextureNode.m */ = {isa = PBXFileReference; fileEncoding = 4; lastKnownFileType = sourcecode.c.objc; path = GETextureNode.m; sourceTree = "<group>"; };
		6A9B79B9114DABD900CA77D4 /* GETile.h */ = {isa = PBXFileReference; fileEncoding = 4; lastKnownFileType = sourcecode.c.h; path = GETile.h; sourceTree = "<group>"; };
		6A9B79BA114DABD900CA77D4 /* GETile.m */ = {isa = PBXFileReference; fileEncoding = 4; lastKnownFileType = sourcecode.c.objc; path = GETile.m; sourceTree = "<group>"; };
		6A9B79BB114DABD900CA77D4 /* GETileMap.h */ = {isa = PBXFileReference; fileEncoding = 4; lastKnownFileType = sourcecode.c.h; path = GETileMap.h; sourceTree = "<group>"; };
		6A9B79BC114DABD900CA77D4 /* GETileMap.m */ = {isa = PBXFileReference; fileEncoding = 4; lastKnownFileType = sourcecode.c.objc; path = GETileMap.m; sourceTree = "<group>"; };
		6A9B79BD114DABD900CA77D4 /* GETileMapLayer.h */ = {isa = PBXFileReference; fileEncoding = 4; lastKnownFileType = sourcecode.c.h; path = GETileMapLayer.h; sourceTree = "<group>"; };
		6A9B79BE114DABD900CA77D4 /* GETileMapLayer.m */ = {isa = PBXFileReference; fileEncoding = 4; lastKnownFileType = sourcecode.c.objc; path = GETileMapLayer.m; sourceTree = "<group>"; };
		6A9B79BF114DABD900CA77D4 /* GEVideoNode.h */ = {isa = PBXFileReference; fileEncoding = 4; lastKnownFileType = sourcecode.c.h; path = GEVideoNode.h; sourceTree = "<group>"; };
		6A9B79C0114DABD900CA77D4 /* GEVideoNode.m */ = {isa = PBXFileReference; fileEncoding = 4; lastKnownFileType = sourcecode.c.objc; path = GEVideoNode.m; sourceTree = "<group>"; };
		6A9B79C1114DABD900CA77D4 /* GridEngineAppDelegate.h */ = {isa = PBXFileReference; fileEncoding = 4; lastKnownFileType = sourcecode.c.h; path = GridEngineAppDelegate.h; sourceTree = "<group>"; };
		6A9B79C2114DABD900CA77D4 /* GridEngineAppDelegate.m */ = {isa = PBXFileReference; fileEncoding = 4; lastKnownFileType = sourcecode.c.objc; path = GridEngineAppDelegate.m; sourceTree = "<group>"; };
		6A9B79C3114DABD900CA77D4 /* Texture2D.h */ = {isa = PBXFileReference; fileEncoding = 4; lastKnownFileType = sourcecode.c.h; path = Texture2D.h; sourceTree = "<group>"; };
		6A9B79C4114DABD900CA77D4 /* Texture2D.m */ = {isa = PBXFileReference; fileEncoding = 4; lastKnownFileType = sourcecode.c.objc; path = Texture2D.m; sourceTree = "<group>"; };
		6AA1DD0F114AF35E007117D1 /* Cube2.png */ = {isa = PBXFileReference; lastKnownFileType = image.png; path = Cube2.png; sourceTree = "<group>"; };
		6AA1DD1F114AF85D007117D1 /* Cube3.png */ = {isa = PBXFileReference; lastKnownFileType = image.png; path = Cube3.png; sourceTree = "<group>"; };
		6AB205FD1090E6C300F5C1F7 /* pink.jpg */ = {isa = PBXFileReference; lastKnownFileType = image.jpeg; name = pink.jpg; path = Images/pink.jpg; sourceTree = "<group>"; };
		6AB206241090EFB400F5C1F7 /* grey.jpg */ = {isa = PBXFileReference; lastKnownFileType = image.jpeg; name = grey.jpg; path = Images/grey.jpg; sourceTree = "<group>"; };
		8D1107310486CEB800E47090 /* Graphics-Info.plist */ = {isa = PBXFileReference; fileEncoding = 4; lastKnownFileType = text.plist.xml; path = "Graphics-Info.plist"; plistStructureDefinitionIdentifier = "com.apple.xcode.plist.structure-definition.iphone.info-plist"; sourceTree = "<group>"; };
/* End PBXFileReference section */

/* Begin PBXFrameworksBuildPhase section */
		1D60588F0D05DD3D006BFB54 /* Frameworks */ = {
			isa = PBXFrameworksBuildPhase;
			buildActionMask = 2147483647;
			files = (
				1D60589F0D05DD5A006BFB54 /* Foundation.framework in Frameworks */,
				1DF5F4E00D08C38300B7A737 /* UIKit.framework in Frameworks */,
				28FD15000DC6FC520079059D /* OpenGLES.framework in Frameworks */,
				28FD15080DC6FC5B0079059D /* QuartzCore.framework in Frameworks */,
				6A6051A6108E5F4600389313 /* CoreGraphics.framework in Frameworks */,
			);
			runOnlyForDeploymentPostprocessing = 0;
		};
/* End PBXFrameworksBuildPhase section */

/* Begin PBXGroup section */
		080E96DDFE201D6D7F000001 /* Classes */ = {
			isa = PBXGroup;
			children = (
				6A9B7995114DABD900CA77D4 /* GridEngine */,
				6A16710811483F9100780592 /* DisplayObject */,
				6A60513F108E5BBC00389313 /* GameModel */,
				6A772B4A10A0E5840053427B /* GameController.h */,
				6A772B4B10A0E5840053427B /* GameController.m */,
				28FD14FC0DC6FC130079059D /* EAGLView.h */,
				28FD14FD0DC6FC130079059D /* EAGLView.m */,
				1D3623240D0F684500981E51 /* GraphicsAppDelegate.h */,
				1D3623250D0F684500981E51 /* GraphicsAppDelegate.m */,
			);
			path = Classes;
			sourceTree = "<group>";
		};
		19C28FACFE9D520D11CA2CBB /* Products */ = {
			isa = PBXGroup;
			children = (
				1D6058910D05DD3D006BFB54 /* Graphics.app */,
			);
			name = Products;
			sourceTree = "<group>";
		};
		2514C27610084DB600A42282 /* Shaders */ = {
			isa = PBXGroup;
			children = (
				2514C27910084DCA00A42282 /* Shader.fsh */,
				2514C27A10084DCA00A42282 /* Shader.vsh */,
			);
			name = Shaders;
			sourceTree = "<group>";
		};
		29B97314FDCFA39411CA2CEA /* CustomTemplate */ = {
			isa = PBXGroup;
			children = (
				080E96DDFE201D6D7F000001 /* Classes */,
				2514C27610084DB600A42282 /* Shaders */,
				29B97315FDCFA39411CA2CEA /* Other Sources */,
				29B97317FDCFA39411CA2CEA /* Resources */,
				29B97323FDCFA39411CA2CEA /* Frameworks */,
				19C28FACFE9D520D11CA2CBB /* Products */,
			);
			name = CustomTemplate;
			sourceTree = "<group>";
		};
		29B97315FDCFA39411CA2CEA /* Other Sources */ = {
			isa = PBXGroup;
			children = (
				32CA4F630368D1EE00C91783 /* Graphics_Prefix.pch */,
				29B97316FDCFA39411CA2CEA /* main.m */,
			);
			name = "Other Sources";
			sourceTree = "<group>";
		};
		29B97317FDCFA39411CA2CEA /* Resources */ = {
			isa = PBXGroup;
			children = (
				6AF44268108FAD6600589A7F /* Images */,
				28AD733E0D9D9553002E5188 /* MainWindow.xib */,
				8D1107310486CEB800E47090 /* Graphics-Info.plist */,
			);
			name = Resources;
			sourceTree = "<group>";
		};
		29B97323FDCFA39411CA2CEA /* Frameworks */ = {
			isa = PBXGroup;
			children = (
				6A6051A5108E5F4600389313 /* CoreGraphics.framework */,
				28FD15070DC6FC5B0079059D /* QuartzCore.framework */,
				28FD14FF0DC6FC520079059D /* OpenGLES.framework */,
				1DF5F4DF0D08C38300B7A737 /* UIKit.framework */,
				1D30AB110D05D00D00671497 /* Foundation.framework */,
			);
			name = Frameworks;
			sourceTree = "<group>";
		};
		6A16710811483F9100780592 /* DisplayObject */ = {
			isa = PBXGroup;
			children = (
				6A166FB91148329400780592 /* DOBoard.h */,
				6A166FBA1148329400780592 /* DOBoard.m */,
			);
			name = DisplayObject;
			sourceTree = "<group>";
		};
		6A60513F108E5BBC00389313 /* GameModel */ = {
			isa = PBXGroup;
			children = (
				6A605140108E5BBC00389313 /* Block.h */,
				6A605141108E5BBC00389313 /* Block.m */,
				6A605142108E5BBC00389313 /* Board.h */,
				6A605143108E5BBC00389313 /* Board.m */,
				6A605144108E5BBC00389313 /* Cube.h */,
				6A605145108E5BBC00389313 /* Cube.m */,
				6A605146108E5BBC00389313 /* GameModel.1 */,
				6A605147108E5BBC00389313 /* GameModel.m */,
				6A605148108E5BBC00389313 /* GameModel.xcodeproj */,
				6A60514B108E5BBC00389313 /* GameModel_Prefix.pch */,
				4C628DA71135CC1000967C38 /* BlockFactory.h */,
				4C628DA81135CC1000967C38 /* BlockFactory.m */,
			);
			name = GameModel;
			path = ../GameModel;
			sourceTree = SOURCE_ROOT;
		};
		6A605149108E5BBC00389313 /* Products */ = {
			isa = PBXGroup;
			children = (
				6A605157108E5BBC00389313 /* GameModel */,
			);
			name = Products;
			sourceTree = "<group>";
		};
		6A9B7995114DABD900CA77D4 /* GridEngine */ = {
			isa = PBXGroup;
			children = (
				6A9B7998114DABD900CA77D4 /* GEAnimation.h */,
				6A9B7999114DABD900CA77D4 /* GEAnimation.m */,
				6A9B799A114DABD900CA77D4 /* GECamera.h */,
				6A9B799B114DABD900CA77D4 /* GECamera.m */,
				6A9B799C114DABD900CA77D4 /* GECollectionNode.h */,
				6A9B799D114DABD900CA77D4 /* GECollectionNode.m */,
				6A9B799E114DABD900CA77D4 /* GEColorNode.h */,
				6A9B799F114DABD900CA77D4 /* GEColorNode.m */,
				6A9B79A0114DABD900CA77D4 /* GECommon.h */,
				6A9B79A1114DABD900CA77D4 /* GEDirectDraw.h */,
				6A9B79A2114DABD900CA77D4 /* GEDirectDraw.m */,
				6A9B79A3114DABD900CA77D4 /* GEDirector.h */,
				6A9B79A4114DABD900CA77D4 /* GEDirector.m */,
				6A9B79A5114DABD900CA77D4 /* GEGraphic.h */,
				6A9B79A6114DABD900CA77D4 /* GEGraphic.m */,
				6A9B79A7114DABD900CA77D4 /* GENode.h */,
				6A9B79A8114DABD900CA77D4 /* GENode.m */,
				6A9B79A9114DABD900CA77D4 /* GEParticleEmitter.h */,
				6A9B79AA114DABD900CA77D4 /* GEParticleEmitter.m */,
				6A9B79AB114DABD900CA77D4 /* GERenderer.h */,
				6A9B79AC114DABD900CA77D4 /* GERenderer.m */,
				6A9B79AD114DABD900CA77D4 /* GEScene.h */,
				6A9B79AE114DABD900CA77D4 /* GEScene.m */,
				6A9B79AF114DABD900CA77D4 /* GEScheduler.h */,
				6A9B79B0114DABD900CA77D4 /* GEScheduler.m */,
				6A9B79B1114DABD900CA77D4 /* GESprite.h */,
				6A9B79B2114DABD900CA77D4 /* GESprite.m */,
				6A9B79B3114DABD900CA77D4 /* GESpriteSheet.h */,
				6A9B79B4114DABD900CA77D4 /* GESpriteSheet.m */,
				6A9B79B5114DABD900CA77D4 /* GETexManager.h */,
				6A9B79B6114DABD900CA77D4 /* GETexManager.m */,
				6A9B79B7114DABD900CA77D4 /* GETextureNode.h */,
				6A9B79B8114DABD900CA77D4 /* GETextureNode.m */,
				6A9B79B9114DABD900CA77D4 /* GETile.h */,
				6A9B79BA114DABD900CA77D4 /* GETile.m */,
				6A9B79BB114DABD900CA77D4 /* GETileMap.h */,
				6A9B79BC114DABD900CA77D4 /* GETileMap.m */,
				6A9B79BD114DABD900CA77D4 /* GETileMapLayer.h */,
				6A9B79BE114DABD900CA77D4 /* GETileMapLayer.m */,
				6A9B79BF114DABD900CA77D4 /* GEVideoNode.h */,
				6A9B79C0114DABD900CA77D4 /* GEVideoNode.m */,
				6A9B79C1114DABD900CA77D4 /* GridEngineAppDelegate.h */,
				6A9B79C2114DABD900CA77D4 /* GridEngineAppDelegate.m */,
				6A9B79C3114DABD900CA77D4 /* Texture2D.h */,
				6A9B79C4114DABD900CA77D4 /* Texture2D.m */,
			);
			name = GridEngine;
			path = ../../GridEngine/Classes;
			sourceTree = SOURCE_ROOT;
		};
		6AF44268108FAD6600589A7F /* Images */ = {
			isa = PBXGroup;
			children = (
				6A3AF74D114C48EE00714CDA /* smallCube.png */,
				6AA1DD1F114AF85D007117D1 /* Cube3.png */,
				6AA1DD0F114AF35E007117D1 /* Cube2.png */,
				6A816C731149B32C0042E9C3 /* explosion.png */,
				6A816C5F1149AF110042E9C3 /* bibi.png */,
				6A1670131148396B00780592 /* walking.png */,
				6A7EB035111A349C00D29CF3 /* texture.png */,
				6A81198711123C0200F87CDF /* spritesheet16.gif */,
				6AB206241090EFB400F5C1F7 /* grey.jpg */,
				6AB205FD1090E6C300F5C1F7 /* pink.jpg */,
			);
			name = Images;
			sourceTree = "<group>";
		};
/* End PBXGroup section */

/* Begin PBXNativeTarget section */
		1D6058900D05DD3D006BFB54 /* Graphics */ = {
			isa = PBXNativeTarget;
			buildConfigurationList = 1D6058960D05DD3E006BFB54 /* Build configuration list for PBXNativeTarget "Graphics" */;
			buildPhases = (
				1D60588D0D05DD3D006BFB54 /* Resources */,
				1D60588E0D05DD3D006BFB54 /* Sources */,
				1D60588F0D05DD3D006BFB54 /* Frameworks */,
			);
			buildRules = (
			);
			dependencies = (
			);
			name = Graphics;
			productName = Graphics;
			productReference = 1D6058910D05DD3D006BFB54 /* Graphics.app */;
			productType = "com.apple.product-type.application";
		};
/* End PBXNativeTarget section */

/* Begin PBXProject section */
		29B97313FDCFA39411CA2CEA /* Project object */ = {
			isa = PBXProject;
			attributes = {
				ORGANIZATIONNAME = Bangboo;
			};
			buildConfigurationList = C01FCF4E08A954540054247B /* Build configuration list for PBXProject "Graphics" */;
			compatibilityVersion = "Xcode 3.1";
			hasScannedForEncodings = 1;
			mainGroup = 29B97314FDCFA39411CA2CEA /* CustomTemplate */;
			projectDirPath = "";
			projectReferences = (
				{
					ProductGroup = 6A605149108E5BBC00389313 /* Products */;
					ProjectRef = 6A605148108E5BBC00389313 /* GameModel.xcodeproj */;
				},
			);
			projectRoot = "";
			targets = (
				1D6058900D05DD3D006BFB54 /* Graphics */,
			);
		};
/* End PBXProject section */

/* Begin PBXReferenceProxy section */
		6A605157108E5BBC00389313 /* GameModel */ = {
			isa = PBXReferenceProxy;
			fileType = "compiled.mach-o.executable";
			path = GameModel;
			remoteRef = 6A605156108E5BBC00389313 /* PBXContainerItemProxy */;
			sourceTree = BUILT_PRODUCTS_DIR;
		};
/* End PBXReferenceProxy section */

/* Begin PBXResourcesBuildPhase section */
		1D60588D0D05DD3D006BFB54 /* Resources */ = {
			isa = PBXResourcesBuildPhase;
			buildActionMask = 2147483647;
			files = (
				2514C27B10084DCA00A42282 /* Shader.fsh in Resources */,
				2514C27C10084DCA00A42282 /* Shader.vsh in Resources */,
				28AD733F0D9D9553002E5188 /* MainWindow.xib in Resources */,
				6A60514F108E5BBC00389313 /* GameModel.1 in Resources */,
				6AB205FE1090E6C300F5C1F7 /* pink.jpg in Resources */,
				6AB206251090EFB400F5C1F7 /* grey.jpg in Resources */,
				6A81198811123C0200F87CDF /* spritesheet16.gif in Resources */,
				6A7EB036111A349C00D29CF3 /* texture.png in Resources */,
				6A1670141148396B00780592 /* walking.png in Resources */,
				6A816C601149AF110042E9C3 /* bibi.png in Resources */,
				6A816C741149B32C0042E9C3 /* explosion.png in Resources */,
				6AA1DD10114AF35E007117D1 /* Cube2.png in Resources */,
				6AA1DD20114AF85D007117D1 /* Cube3.png in Resources */,
				6A3AF74E114C48EE00714CDA /* smallCube.png in Resources */,
			);
			runOnlyForDeploymentPostprocessing = 0;
		};
/* End PBXResourcesBuildPhase section */

/* Begin PBXSourcesBuildPhase section */
		1D60588E0D05DD3D006BFB54 /* Sources */ = {
			isa = PBXSourcesBuildPhase;
			buildActionMask = 2147483647;
			files = (
				1D60589B0D05DD56006BFB54 /* main.m in Sources */,
				1D3623260D0F684500981E51 /* GraphicsAppDelegate.m in Sources */,
				28FD14FE0DC6FC130079059D /* EAGLView.m in Sources */,
				6A60514C108E5BBC00389313 /* Block.m in Sources */,
				6A60514D108E5BBC00389313 /* Board.m in Sources */,
				6A60514E108E5BBC00389313 /* Cube.m in Sources */,
				6A772B4C10A0E5840053427B /* GameController.m in Sources */,
				4C628DA91135CC1000967C38 /* BlockFactory.m in Sources */,
				6A166FBB1148329400780592 /* DOBoard.m in Sources */,
				6A9B79C6114DABD900CA77D4 /* GEAnimation.m in Sources */,
				6A9B79C7114DABD900CA77D4 /* GECamera.m in Sources */,
				6A9B79C8114DABD900CA77D4 /* GECollectionNode.m in Sources */,
				6A9B79C9114DABD900CA77D4 /* GEColorNode.m in Sources */,
				6A9B79CA114DABD900CA77D4 /* GEDirectDraw.m in Sources */,
				6A9B79CB114DABD900CA77D4 /* GEDirector.m in Sources */,
				6A9B79CC114DABD900CA77D4 /* GEGraphic.m in Sources */,
				6A9B79CD114DABD900CA77D4 /* GENode.m in Sources */,
				6A9B79CE114DABD900CA77D4 /* GEParticleEmitter.m in Sources */,
				6A9B79CF114DABD900CA77D4 /* GERenderer.m in Sources */,
				6A9B79D0114DABD900CA77D4 /* GEScene.m in Sources */,
				6A9B79D1114DABD900CA77D4 /* GEScheduler.m in Sources */,
				6A9B79D2114DABD900CA77D4 /* GESprite.m in Sources */,
				6A9B79D3114DABD900CA77D4 /* GESpriteSheet.m in Sources */,
				6A9B79D4114DABD900CA77D4 /* GETexManager.m in Sources */,
				6A9B79D5114DABD900CA77D4 /* GETextureNode.m in Sources */,
				6A9B79D6114DABD900CA77D4 /* GETile.m in Sources */,
				6A9B79D7114DABD900CA77D4 /* GETileMap.m in Sources */,
				6A9B79D8114DABD900CA77D4 /* GETileMapLayer.m in Sources */,
				6A9B79D9114DABD900CA77D4 /* GEVideoNode.m in Sources */,
				6A9B79DA114DABD900CA77D4 /* GridEngineAppDelegate.m in Sources */,
				6A9B79DB114DABD900CA77D4 /* Texture2D.m in Sources */,
			);
			runOnlyForDeploymentPostprocessing = 0;
		};
/* End PBXSourcesBuildPhase section */

/* Begin XCBuildConfiguration section */
		1D6058940D05DD3E006BFB54 /* Debug */ = {
			isa = XCBuildConfiguration;
			buildSettings = {
				ALWAYS_SEARCH_USER_PATHS = NO;
				COPY_PHASE_STRIP = NO;
				GCC_DYNAMIC_NO_PIC = NO;
				GCC_OPTIMIZATION_LEVEL = 0;
				GCC_PRECOMPILE_PREFIX_HEADER = YES;
				GCC_PREFIX_HEADER = Graphics_Prefix.pch;
				"GCC_THUMB_SUPPORT[arch=armv6]" = "";
				INFOPLIST_FILE = "Graphics-Info.plist";
				PRODUCT_NAME = Graphics;
			};
			name = Debug;
		};
		1D6058950D05DD3E006BFB54 /* Release */ = {
			isa = XCBuildConfiguration;
			buildSettings = {
				ALWAYS_SEARCH_USER_PATHS = NO;
				COPY_PHASE_STRIP = YES;
				GCC_PRECOMPILE_PREFIX_HEADER = YES;
				GCC_PREFIX_HEADER = Graphics_Prefix.pch;
				"GCC_THUMB_SUPPORT[arch=armv6]" = "";
				INFOPLIST_FILE = "Graphics-Info.plist";
				PRODUCT_NAME = Graphics;
			};
			name = Release;
		};
		C01FCF4F08A954540054247B /* Debug */ = {
			isa = XCBuildConfiguration;
			buildSettings = {
				ARCHS = "$(ARCHS_STANDARD_32_BIT)";
				"CODE_SIGN_IDENTITY[sdk=iphoneos*]" = "iPhone Developer";
				GCC_C_LANGUAGE_STANDARD = c99;
				GCC_PREPROCESSOR_DEFINITIONS = DEBUG;
				GCC_WARN_ABOUT_RETURN_TYPE = YES;
				GCC_WARN_UNUSED_VARIABLE = YES;
				PREBINDING = NO;
				SDKROOT = iphoneos3.1;
			};
			name = Debug;
		};
		C01FCF5008A954540054247B /* Release */ = {
			isa = XCBuildConfiguration;
			buildSettings = {
				ARCHS = "$(ARCHS_STANDARD_32_BIT)";
				"CODE_SIGN_IDENTITY[sdk=iphoneos*]" = "iPhone Developer";
				GCC_C_LANGUAGE_STANDARD = c99;
				GCC_WARN_ABOUT_RETURN_TYPE = YES;
				GCC_WARN_UNUSED_VARIABLE = YES;
				PREBINDING = NO;
				SDKROOT = iphoneos3.1;
			};
			name = Release;
		};
/* End XCBuildConfiguration section */

/* Begin XCConfigurationList section */
		1D6058960D05DD3E006BFB54 /* Build configuration list for PBXNativeTarget "Graphics" */ = {
			isa = XCConfigurationList;
			buildConfigurations = (
				1D6058940D05DD3E006BFB54 /* Debug */,
				1D6058950D05DD3E006BFB54 /* Release */,
			);
			defaultConfigurationIsVisible = 0;
			defaultConfigurationName = Release;
		};
		C01FCF4E08A954540054247B /* Build configuration list for PBXProject "Graphics" */ = {
			isa = XCConfigurationList;
			buildConfigurations = (
				C01FCF4F08A954540054247B /* Debug */,
				C01FCF5008A954540054247B /* Release */,
			);
			defaultConfigurationIsVisible = 0;
			defaultConfigurationName = Release;
		};
/* End XCConfigurationList section */
	};
	rootObject = 29B97313FDCFA39411CA2CEA /* Project object */;
}
